// !$*UTF8*$!
{
	archiveVersion = 1;
	classes = {
	};
	objectVersion = 46;
	objects = {

/* Begin PBXBuildFile section */
		9900D14316994913004DD65A /* ContactsViewController.m in Sources */ = {isa = PBXBuildFile; fileRef = 9900D14216994913004DD65A /* ContactsViewController.m */; };
		99047A9016E57C0900622548 /* AddressBook.framework in Frameworks */ = {isa = PBXBuildFile; fileRef = 99047A8F16E57C0900622548 /* AddressBook.framework */; };
		99047A9416E57C1200622548 /* AddressBookUI.framework in Frameworks */ = {isa = PBXBuildFile; fileRef = 99047A9316E57C1200622548 /* AddressBookUI.framework */; };
		99050B3B168D441800276395 /* SendVideoViewController.m in Sources */ = {isa = PBXBuildFile; fileRef = 99050B3A168D441800276395 /* SendVideoViewController.m */; };
		99050B3E168D59DB00276395 /* VariableStore.m in Sources */ = {isa = PBXBuildFile; fileRef = 99050B3D168D59DB00276395 /* VariableStore.m */; };
		9907A06B16AB992A003599BE /* red_uibutton.jpeg in Resources */ = {isa = PBXBuildFile; fileRef = 9907A06A16AB992A003599BE /* red_uibutton.jpeg */; };
		9907A06D16AB99F0003599BE /* red_uibutton.png in Resources */ = {isa = PBXBuildFile; fileRef = 9907A06C16AB99F0003599BE /* red_uibutton.png */; };
		9907A06F16AB99F7003599BE /* green_uibutton.png in Resources */ = {isa = PBXBuildFile; fileRef = 9907A06E16AB99F7003599BE /* green_uibutton.png */; };
		9907A07116AB99FE003599BE /* grey_uibutton.png in Resources */ = {isa = PBXBuildFile; fileRef = 9907A07016AB99FE003599BE /* grey_uibutton.png */; };
		990D546D168B8EC200E0BEC5 /* libsqlite3.0.dylib in Frameworks */ = {isa = PBXBuildFile; fileRef = 990D546C168B8EC200E0BEC5 /* libsqlite3.0.dylib */; };
		990D5470168B8FAB00E0BEC5 /* butterfly.png in Resources */ = {isa = PBXBuildFile; fileRef = 990D546F168B8FAB00E0BEC5 /* butterfly.png */; };
		99176FA51694135400271DF1 /* stock_mail_unread.png in Resources */ = {isa = PBXBuildFile; fileRef = 99176FA41694135400271DF1 /* stock_mail_unread.png */; };
		99176FA71694135B00271DF1 /* gnome_mail_unread.png in Resources */ = {isa = PBXBuildFile; fileRef = 99176FA61694135B00271DF1 /* gnome_mail_unread.png */; };
		99176FA91694147900271DF1 /* bullet_blue.png in Resources */ = {isa = PBXBuildFile; fileRef = 99176FA81694147900271DF1 /* bullet_blue.png */; };
		997C98DA1694039600B2C809 /* InboxCell.m in Sources */ = {isa = PBXBuildFile; fileRef = 997C98D91694039600B2C809 /* InboxCell.m */; };
		997C98DC1694046B00B2C809 /* InboxCellView.xib in Resources */ = {isa = PBXBuildFile; fileRef = 997C98DB1694046B00B2C809 /* InboxCellView.xib */; };
		997F12C51694170200E2F27B /* gnome_mail_read.png in Resources */ = {isa = PBXBuildFile; fileRef = 997F12C41694170200E2F27B /* gnome_mail_read.png */; };
		997FE37416E0745400D20FCE /* Zion America v2_power button-20x20.png in Resources */ = {isa = PBXBuildFile; fileRef = 997FE37316E0745400D20FCE /* Zion America v2_power button-20x20.png */; };
		9984A05E169218A700C28A9A /* App_Icon.png in Resources */ = {isa = PBXBuildFile; fileRef = 9984A05D169218A700C28A9A /* App_Icon.png */; };
		9984A060169218D500C28A9A /* App_Icon.png_4.png in Resources */ = {isa = PBXBuildFile; fileRef = 9984A05F169218D500C28A9A /* App_Icon.png_4.png */; };
		9986BB52168EAD3F00A1C8F5 /* VideoDetailViewController.m in Sources */ = {isa = PBXBuildFile; fileRef = 9986BB51168EAD3F00A1C8F5 /* VideoDetailViewController.m */; };
		9986BB5816913F0C00A1C8F5 /* SendEmailViewController.m in Sources */ = {isa = PBXBuildFile; fileRef = 9986BB5716913F0C00A1C8F5 /* SendEmailViewController.m */; };
		9986BB5B1691412300A1C8F5 /* WordPressConnection.m in Sources */ = {isa = PBXBuildFile; fileRef = 9986BB5A1691412300A1C8F5 /* WordPressConnection.m */; };
		99881EEE16921E7D006433E8 /* libmailcore.a in Frameworks */ = {isa = PBXBuildFile; fileRef = 99881EE216921DEA006433E8 /* libmailcore.a */; };
		99881EF016921E87006433E8 /* libssl.a in Frameworks */ = {isa = PBXBuildFile; fileRef = 99881EEF16921E87006433E8 /* libssl.a */; };
		99881EF216921E94006433E8 /* libsasl2.a in Frameworks */ = {isa = PBXBuildFile; fileRef = 99881EF116921E94006433E8 /* libsasl2.a */; };
		99881EF616921F3D006433E8 /* CFNetwork.framework in Frameworks */ = {isa = PBXBuildFile; fileRef = 99881EF516921F3D006433E8 /* CFNetwork.framework */; };
		99881EF816921FAC006433E8 /* libiconv.dylib in Frameworks */ = {isa = PBXBuildFile; fileRef = 99881EF716921FAC006433E8 /* libiconv.dylib */; };
		99881EFA16921FB9006433E8 /* libcrypto.a in Frameworks */ = {isa = PBXBuildFile; fileRef = 99881EF916921FB9006433E8 /* libcrypto.a */; };
		99881F0116924DF0006433E8 /* InboxViewController.m in Sources */ = {isa = PBXBuildFile; fileRef = 99881F0016924DF0006433E8 /* InboxViewController.m */; };
		9988A0C91696933000D90D0D /* HeaderDisclosureArrow.png in Resources */ = {isa = PBXBuildFile; fileRef = 9988A0C81696932F00D90D0D /* HeaderDisclosureArrow.png */; };
		9988A0CB1696940F00D90D0D /* UITV_accessory_disclosure.png in Resources */ = {isa = PBXBuildFile; fileRef = 9988A0CA1696940F00D90D0D /* UITV_accessory_disclosure.png */; };
		9988A0CE1696A06700D90D0D /* InboxDetailViewController.m in Sources */ = {isa = PBXBuildFile; fileRef = 9988A0CD1696A06700D90D0D /* InboxDetailViewController.m */; };
		998DB38916D978570088C9D3 /* Zion America v2_login_no line.png in Resources */ = {isa = PBXBuildFile; fileRef = 998DB38816D978570088C9D3 /* Zion America v2_login_no line.png */; };
		998DB38C16D97CBB0088C9D3 /* HistoryViewController.m in Sources */ = {isa = PBXBuildFile; fileRef = 998DB38B16D97CBB0088C9D3 /* HistoryViewController.m */; };
		9991E11B168BD50500A88911 /* libXMLRPC_iOS.a in Frameworks */ = {isa = PBXBuildFile; fileRef = 9991E118168BD4F000A88911 /* libXMLRPC_iOS.a */; };
		9991E126168C21C700A88911 /* butterfly with text.png in Resources */ = {isa = PBXBuildFile; fileRef = 9991E125168C21C700A88911 /* butterfly with text.png */; };
		99A7181516D1B4B700AA7518 /* Zion_America.xcdatamodeld in Sources */ = {isa = PBXBuildFile; fileRef = 99A7181316D1B4B700AA7518 /* Zion_America.xcdatamodeld */; };
		99A7186C16D1BD5E00AA7518 /* CoreData.framework in Frameworks */ = {isa = PBXBuildFile; fileRef = 99A7186B16D1BD5E00AA7518 /* CoreData.framework */; };
		99A7186F16D1C10B00AA7518 /* Contact.m in Sources */ = {isa = PBXBuildFile; fileRef = 99A7186E16D1C10B00AA7518 /* Contact.m */; };
		99C7370116DF3A3000173260 /* logout button-20x20.png in Resources */ = {isa = PBXBuildFile; fileRef = 99C7370016DF3A3000173260 /* logout button-20x20.png */; };
		99CAA9A416D8539F001622B0 /* Zion America v2_logo_transparent.png in Resources */ = {isa = PBXBuildFile; fileRef = 99CAA9A316D8539F001622B0 /* Zion America v2_logo_transparent.png */; };
		99CAA9A816D87E1D001622B0 /* button-green1.png in Resources */ = {isa = PBXBuildFile; fileRef = 99CAA9A716D87E1D001622B0 /* button-green1.png */; };
		99CAA9AA16D882CF001622B0 /* Zion America v2_login_bg only_no text.png in Resources */ = {isa = PBXBuildFile; fileRef = 99CAA9A916D882CF001622B0 /* Zion America v2_login_bg only_no text.png */; };
		99CAA9AC16D8830E001622B0 /* Zion America v2_login_button.png in Resources */ = {isa = PBXBuildFile; fileRef = 99CAA9AB16D8830E001622B0 /* Zion America v2_login_button.png */; };
		99CAA9B016D885CC001622B0 /* Zion America v2_login_user pass.png in Resources */ = {isa = PBXBuildFile; fileRef = 99CAA9AF16D885CC001622B0 /* Zion America v2_login_user pass.png */; };
		99CAA9B216D886C9001622B0 /* Zion America v2_login_user_pass.png in Resources */ = {isa = PBXBuildFile; fileRef = 99CAA9B116D886C9001622B0 /* Zion America v2_login_user_pass.png */; };
		99CAA9B416D88D4A001622B0 /* Zion America v2_login_pass.png in Resources */ = {isa = PBXBuildFile; fileRef = 99CAA9B316D88D4A001622B0 /* Zion America v2_login_pass.png */; };
		99CAA9B616D89D02001622B0 /* menu_icon.png in Resources */ = {isa = PBXBuildFile; fileRef = 99CAA9B516D89D02001622B0 /* menu_icon.png */; };
		99E3E65C16CCA3C300207D44 /* MessageUI.framework in Frameworks */ = {isa = PBXBuildFile; fileRef = 99E3E65B16CCA3C200207D44 /* MessageUI.framework */; };
		99E3E65F16CDADE900207D44 /* AddContactViewController.m in Sources */ = {isa = PBXBuildFile; fileRef = 99E3E65E16CDADE900207D44 /* AddContactViewController.m */; };
		99E8146E16DBAFFA00ED04C5 /* History.m in Sources */ = {isa = PBXBuildFile; fileRef = 99E8146D16DBAFFA00ED04C5 /* History.m */; };
		99E8147516DC7F4200ED04C5 /* HistoryCell.m in Sources */ = {isa = PBXBuildFile; fileRef = 99E8147416DC7F4200ED04C5 /* HistoryCell.m */; };
		99E8147916DC80BB00ED04C5 /* HistoryCell.xib in Resources */ = {isa = PBXBuildFile; fileRef = 99E8147816DC80BB00ED04C5 /* HistoryCell.xib */; };
		99E8147B16DDAED100ED04C5 /* Zion America v2_settings button.png in Resources */ = {isa = PBXBuildFile; fileRef = 99E8147A16DDAED100ED04C5 /* Zion America v2_settings button.png */; };
		99E8147D16DDB0AF00ED04C5 /* Zion America v2_settings button-2.png in Resources */ = {isa = PBXBuildFile; fileRef = 99E8147C16DDB0AF00ED04C5 /* Zion America v2_settings button-2.png */; };
		99E8147F16DDB5F600ED04C5 /* Zion America v2_settings button-20x20.png in Resources */ = {isa = PBXBuildFile; fileRef = 99E8147E16DDB5F600ED04C5 /* Zion America v2_settings button-20x20.png */; };
		99E8148116DDB62200ED04C5 /* Zion America v2_settings button-40x40.png in Resources */ = {isa = PBXBuildFile; fileRef = 99E8148016DDB62200ED04C5 /* Zion America v2_settings button-40x40.png */; };
		99E8148716DDC2B400ED04C5 /* Zion America v2_login_button grey.png in Resources */ = {isa = PBXBuildFile; fileRef = 99E8148616DDC2B400ED04C5 /* Zion America v2_login_button grey.png */; };
		99E8148916DDC50B00ED04C5 /* ZionAmerica_Logout_button.png in Resources */ = {isa = PBXBuildFile; fileRef = 99E8148816DDC50B00ED04C5 /* ZionAmerica_Logout_button.png */; };
		99E8148B16DDC61400ED04C5 /* Zion America_v2_login_button grey.png in Resources */ = {isa = PBXBuildFile; fileRef = 99E8148A16DDC61400ED04C5 /* Zion America_v2_login_button grey.png */; };
		99E8149116DDCC7D00ED04C5 /* Zion America v2_login_bg only_no text_2.png in Resources */ = {isa = PBXBuildFile; fileRef = 99E8149016DDCC7D00ED04C5 /* Zion America v2_login_bg only_no text_2.png */; };
		99E8149316DDD77900ED04C5 /* icon@2x.png in Resources */ = {isa = PBXBuildFile; fileRef = 99E8149216DDD77900ED04C5 /* icon@2x.png */; };
		99E8149516DDD78000ED04C5 /* icon.png in Resources */ = {isa = PBXBuildFile; fileRef = 99E8149416DDD78000ED04C5 /* icon.png */; };
		99E8149D16DF30A900ED04C5 /* Zion America v2_App Icon_57x57.png in Resources */ = {isa = PBXBuildFile; fileRef = 99E8149C16DF30A900ED04C5 /* Zion America v2_App Icon_57x57.png */; };
		99E8149F16DF30C100ED04C5 /* Zion America v2_App Icon_114x114.png in Resources */ = {isa = PBXBuildFile; fileRef = 99E8149E16DF30C100ED04C5 /* Zion America v2_App Icon_114x114.png */; };
		99E814A116DF30E400ED04C5 /* Zion America v2_App Icon_57x57.png in Resources */ = {isa = PBXBuildFile; fileRef = 99E814A016DF30E400ED04C5 /* Zion America v2_App Icon_57x57.png */; };
		99E814A316DF30F600ED04C5 /* Zion America v2_App Icon_114x114.png in Resources */ = {isa = PBXBuildFile; fileRef = 99E814A216DF30F600ED04C5 /* Zion America v2_App Icon_114x114.png */; };
		99E814A516DF312500ED04C5 /* Zion America v2_loading_iphone5.png in Resources */ = {isa = PBXBuildFile; fileRef = 99E814A416DF312500ED04C5 /* Zion America v2_loading_iphone5.png */; };
		99E814A716DF312D00ED04C5 /* Zion America v2_loading_iphone4.png in Resources */ = {isa = PBXBuildFile; fileRef = 99E814A616DF312D00ED04C5 /* Zion America v2_loading_iphone4.png */; };
		99E814A916DF313500ED04C5 /* Zion America v2_loading_iphone3.png in Resources */ = {isa = PBXBuildFile; fileRef = 99E814A816DF313400ED04C5 /* Zion America v2_loading_iphone3.png */; };
		99E814AB16DF314000ED04C5 /* Default.png in Resources */ = {isa = PBXBuildFile; fileRef = 99E814AA16DF314000ED04C5 /* Default.png */; };
		99E814AD16DF314D00ED04C5 /* Default@2x.png in Resources */ = {isa = PBXBuildFile; fileRef = 99E814AC16DF314D00ED04C5 /* Default@2x.png */; };
		99E814AF16DF315700ED04C5 /* Default-568h@2x.png in Resources */ = {isa = PBXBuildFile; fileRef = 99E814AE16DF315700ED04C5 /* Default-568h@2x.png */; };
		99F7C12516E8521C0065B0AA /* .gitignore in Resources */ = {isa = PBXBuildFile; fileRef = 99F7C10616E8521B0065B0AA /* .gitignore */; };
		99F7C13416E8521C0065B0AA /* HTAutocompleteTextField.m in Sources */ = {isa = PBXBuildFile; fileRef = 99F7C12116E8521C0065B0AA /* HTAutocompleteTextField.m */; };
		99F7C13616E8521C0065B0AA /* LICENSE in Resources */ = {isa = PBXBuildFile; fileRef = 99F7C12316E8521C0065B0AA /* LICENSE */; };
		99F7C13716E8521C0065B0AA /* README.md in Resources */ = {isa = PBXBuildFile; fileRef = 99F7C12416E8521C0065B0AA /* README.md */; };
		99F7C13F16E8550C0065B0AA /* HTAutocompleteManager.m in Sources */ = {isa = PBXBuildFile; fileRef = 99F7C13E16E8550C0065B0AA /* HTAutocompleteManager.m */; };
		99F7C14216E9A1BD0065B0AA /* Constants.m in Sources */ = {isa = PBXBuildFile; fileRef = 99F7C14116E9A1BC0065B0AA /* Constants.m */; };
		FC85120D168A1AB100F94C60 /* UIKit.framework in Frameworks */ = {isa = PBXBuildFile; fileRef = FC85120C168A1AB100F94C60 /* UIKit.framework */; settings = {ATTRIBUTES = (Required, ); }; };
		FC85120F168A1AB100F94C60 /* Foundation.framework in Frameworks */ = {isa = PBXBuildFile; fileRef = FC85120E168A1AB100F94C60 /* Foundation.framework */; };
		FC851211168A1AB100F94C60 /* CoreGraphics.framework in Frameworks */ = {isa = PBXBuildFile; fileRef = FC851210168A1AB100F94C60 /* CoreGraphics.framework */; };
		FC851217168A1AB100F94C60 /* InfoPlist.strings in Resources */ = {isa = PBXBuildFile; fileRef = FC851215168A1AB100F94C60 /* InfoPlist.strings */; };
		FC851219168A1AB200F94C60 /* main.m in Sources */ = {isa = PBXBuildFile; fileRef = FC851218168A1AB200F94C60 /* main.m */; };
		FC85121D168A1AB200F94C60 /* Zion_AmericaAppDelegate.m in Sources */ = {isa = PBXBuildFile; fileRef = FC85121C168A1AB200F94C60 /* Zion_AmericaAppDelegate.m */; };
		FC85121F168A1AB200F94C60 /* Default.png in Resources */ = {isa = PBXBuildFile; fileRef = FC85121E168A1AB200F94C60 /* Default.png */; };
		FC851221168A1AB200F94C60 /* Default@2x.png in Resources */ = {isa = PBXBuildFile; fileRef = FC851220168A1AB200F94C60 /* Default@2x.png */; };
		FC851223168A1AB200F94C60 /* Default-568h@2x.png in Resources */ = {isa = PBXBuildFile; fileRef = FC851222168A1AB200F94C60 /* Default-568h@2x.png */; };
		FC851226168A1AB200F94C60 /* MainStoryboard.storyboard in Resources */ = {isa = PBXBuildFile; fileRef = FC851224168A1AB200F94C60 /* MainStoryboard.storyboard */; };
		FC85122B168A1AB200F94C60 /* first.png in Resources */ = {isa = PBXBuildFile; fileRef = FC85122A168A1AB200F94C60 /* first.png */; };
		FC85122D168A1AB200F94C60 /* first@2x.png in Resources */ = {isa = PBXBuildFile; fileRef = FC85122C168A1AB200F94C60 /* first@2x.png */; };
		FC851232168A1AB200F94C60 /* second.png in Resources */ = {isa = PBXBuildFile; fileRef = FC851231168A1AB200F94C60 /* second.png */; };
		FC851234168A1AB200F94C60 /* second@2x.png in Resources */ = {isa = PBXBuildFile; fileRef = FC851233168A1AB200F94C60 /* second@2x.png */; };
		FC85123C168A1AB200F94C60 /* SenTestingKit.framework in Frameworks */ = {isa = PBXBuildFile; fileRef = FC85123B168A1AB200F94C60 /* SenTestingKit.framework */; };
		FC85123D168A1AB200F94C60 /* UIKit.framework in Frameworks */ = {isa = PBXBuildFile; fileRef = FC85120C168A1AB100F94C60 /* UIKit.framework */; };
		FC85123E168A1AB200F94C60 /* Foundation.framework in Frameworks */ = {isa = PBXBuildFile; fileRef = FC85120E168A1AB100F94C60 /* Foundation.framework */; };
		FC851246168A1AB200F94C60 /* InfoPlist.strings in Resources */ = {isa = PBXBuildFile; fileRef = FC851244168A1AB200F94C60 /* InfoPlist.strings */; };
		FC851249168A1AB200F94C60 /* Zion_AmericaTests.m in Sources */ = {isa = PBXBuildFile; fileRef = FC851248168A1AB200F94C60 /* Zion_AmericaTests.m */; };
		FC851268168A54B100F94C60 /* LoginViewController.m in Sources */ = {isa = PBXBuildFile; fileRef = FC851267168A54B100F94C60 /* LoginViewController.m */; };
		FC85127A168ABEC800F94C60 /* right.png in Resources */ = {isa = PBXBuildFile; fileRef = FC851279168ABEC800F94C60 /* right.png */; };
		FC851283168AD11400F94C60 /* home.png in Resources */ = {isa = PBXBuildFile; fileRef = FC851282168AD11400F94C60 /* home.png */; };
		FC851285168AD1ED00F94C60 /* envelop.png in Resources */ = {isa = PBXBuildFile; fileRef = FC851284168AD1ED00F94C60 /* envelop.png */; };
		FC851287168AD1F600F94C60 /* arrow.png in Resources */ = {isa = PBXBuildFile; fileRef = FC851286168AD1F600F94C60 /* arrow.png */; };
		FC851289168AD55F00F94C60 /* television.png in Resources */ = {isa = PBXBuildFile; fileRef = FC851288168AD55F00F94C60 /* television.png */; };
/* End PBXBuildFile section */

/* Begin PBXContainerItemProxy section */
		99881EDF16921DEA006433E8 /* PBXContainerItemProxy */ = {
			isa = PBXContainerItemProxy;
			containerPortal = 99881EC816921DE9006433E8 /* MailCore.xcodeproj */;
			proxyType = 2;
			remoteGlobalIDString = 8DC2EF5B0486A6940098B216;
			remoteInfo = MailCore;
		};
		99881EE116921DEA006433E8 /* PBXContainerItemProxy */ = {
			isa = PBXContainerItemProxy;
			containerPortal = 99881EC816921DE9006433E8 /* MailCore.xcodeproj */;
			proxyType = 2;
			remoteGlobalIDString = F8618B5710DADB5C00C41188;
			remoteInfo = "MailCore iOS";
		};
		99881EE316921DEA006433E8 /* PBXContainerItemProxy */ = {
			isa = PBXContainerItemProxy;
			containerPortal = 99881EC816921DE9006433E8 /* MailCore.xcodeproj */;
			proxyType = 2;
			remoteGlobalIDString = F8DFCF4915801A5000C01975;
			remoteInfo = Tests;
		};
		99881EEC16921E5E006433E8 /* PBXContainerItemProxy */ = {
			isa = PBXContainerItemProxy;
			containerPortal = 99881EC816921DE9006433E8 /* MailCore.xcodeproj */;
			proxyType = 1;
			remoteGlobalIDString = F8618B5610DADB5C00C41188;
			remoteInfo = "MailCore iOS";
		};
		9991E117168BD4F000A88911 /* PBXContainerItemProxy */ = {
			isa = PBXContainerItemProxy;
			containerPortal = 9991E0F2168BCF1400A88911 /* XMLRPC-iOS.xcodeproj */;
			proxyType = 2;
			remoteGlobalIDString = D2AAC07E0554694100DB518D;
			remoteInfo = "XMLRPC-iOS";
		};
		9991E119168BD4FE00A88911 /* PBXContainerItemProxy */ = {
			isa = PBXContainerItemProxy;
			containerPortal = 9991E0F2168BCF1400A88911 /* XMLRPC-iOS.xcodeproj */;
			proxyType = 1;
			remoteGlobalIDString = D2AAC07D0554694100DB518D;
			remoteInfo = "XMLRPC-iOS";
		};
		FC85123F168A1AB200F94C60 /* PBXContainerItemProxy */ = {
			isa = PBXContainerItemProxy;
			containerPortal = FC8511FF168A1AB100F94C60 /* Project object */;
			proxyType = 1;
			remoteGlobalIDString = FC851207168A1AB100F94C60;
			remoteInfo = "Zion America";
		};
/* End PBXContainerItemProxy section */

/* Begin PBXFileReference section */
		9900D14116994913004DD65A /* ContactsViewController.h */ = {isa = PBXFileReference; fileEncoding = 4; lastKnownFileType = sourcecode.c.h; path = ContactsViewController.h; sourceTree = "<group>"; };
		9900D14216994913004DD65A /* ContactsViewController.m */ = {isa = PBXFileReference; fileEncoding = 4; lastKnownFileType = sourcecode.c.objc; path = ContactsViewController.m; sourceTree = "<group>"; };
		99047A8F16E57C0900622548 /* AddressBook.framework */ = {isa = PBXFileReference; lastKnownFileType = wrapper.framework; name = AddressBook.framework; path = System/Library/Frameworks/AddressBook.framework; sourceTree = SDKROOT; };
		99047A9316E57C1200622548 /* AddressBookUI.framework */ = {isa = PBXFileReference; lastKnownFileType = wrapper.framework; name = AddressBookUI.framework; path = System/Library/Frameworks/AddressBookUI.framework; sourceTree = SDKROOT; };
		99050B39168D441800276395 /* SendVideoViewController.h */ = {isa = PBXFileReference; fileEncoding = 4; lastKnownFileType = sourcecode.c.h; path = SendVideoViewController.h; sourceTree = "<group>"; };
		99050B3A168D441800276395 /* SendVideoViewController.m */ = {isa = PBXFileReference; fileEncoding = 4; lastKnownFileType = sourcecode.c.objc; path = SendVideoViewController.m; sourceTree = "<group>"; };
		99050B3C168D59DB00276395 /* VariableStore.h */ = {isa = PBXFileReference; fileEncoding = 4; lastKnownFileType = sourcecode.c.h; path = VariableStore.h; sourceTree = "<group>"; };
		99050B3D168D59DB00276395 /* VariableStore.m */ = {isa = PBXFileReference; fileEncoding = 4; lastKnownFileType = sourcecode.c.objc; path = VariableStore.m; sourceTree = "<group>"; };
		99055D66168BC93E00F89CA3 /* Base */ = {isa = PBXFileReference; lastKnownFileType = file.storyboard; name = Base; path = Base.lproj/MainStoryboard.storyboard; sourceTree = "<group>"; };
		9907A06A16AB992A003599BE /* red_uibutton.jpeg */ = {isa = PBXFileReference; lastKnownFileType = image.jpeg; path = red_uibutton.jpeg; sourceTree = "<group>"; };
		9907A06C16AB99F0003599BE /* red_uibutton.png */ = {isa = PBXFileReference; lastKnownFileType = image.png; path = red_uibutton.png; sourceTree = "<group>"; };
		9907A06E16AB99F7003599BE /* green_uibutton.png */ = {isa = PBXFileReference; lastKnownFileType = image.png; path = green_uibutton.png; sourceTree = "<group>"; };
		9907A07016AB99FE003599BE /* grey_uibutton.png */ = {isa = PBXFileReference; lastKnownFileType = image.png; path = grey_uibutton.png; sourceTree = "<group>"; };
		990D546C168B8EC200E0BEC5 /* libsqlite3.0.dylib */ = {isa = PBXFileReference; lastKnownFileType = "compiled.mach-o.dylib"; name = libsqlite3.0.dylib; path = usr/lib/libsqlite3.0.dylib; sourceTree = SDKROOT; };
		990D546F168B8FAB00E0BEC5 /* butterfly.png */ = {isa = PBXFileReference; lastKnownFileType = image.png; path = butterfly.png; sourceTree = "<group>"; };
		99176FA41694135400271DF1 /* stock_mail_unread.png */ = {isa = PBXFileReference; lastKnownFileType = image.png; path = stock_mail_unread.png; sourceTree = "<group>"; };
		99176FA61694135B00271DF1 /* gnome_mail_unread.png */ = {isa = PBXFileReference; lastKnownFileType = image.png; path = gnome_mail_unread.png; sourceTree = "<group>"; };
		99176FA81694147900271DF1 /* bullet_blue.png */ = {isa = PBXFileReference; lastKnownFileType = image.png; path = bullet_blue.png; sourceTree = "<group>"; };
		997C98D81694039600B2C809 /* InboxCell.h */ = {isa = PBXFileReference; fileEncoding = 4; lastKnownFileType = sourcecode.c.h; path = InboxCell.h; sourceTree = "<group>"; };
		997C98D91694039600B2C809 /* InboxCell.m */ = {isa = PBXFileReference; fileEncoding = 4; lastKnownFileType = sourcecode.c.objc; path = InboxCell.m; sourceTree = "<group>"; };
		997C98DB1694046B00B2C809 /* InboxCellView.xib */ = {isa = PBXFileReference; fileEncoding = 4; lastKnownFileType = file.xib; path = InboxCellView.xib; sourceTree = "<group>"; };
		997F12C41694170200E2F27B /* gnome_mail_read.png */ = {isa = PBXFileReference; lastKnownFileType = image.png; path = gnome_mail_read.png; sourceTree = "<group>"; };
		997FE37316E0745400D20FCE /* Zion America v2_power button-20x20.png */ = {isa = PBXFileReference; lastKnownFileType = image.png; path = "Zion America v2_power button-20x20.png"; sourceTree = "<group>"; };
		9984A05D169218A700C28A9A /* App_Icon.png */ = {isa = PBXFileReference; lastKnownFileType = image.png; name = App_Icon.png; path = ../App_Icon.png; sourceTree = "<group>"; };
		9984A05F169218D500C28A9A /* App_Icon.png_4.png */ = {isa = PBXFileReference; lastKnownFileType = image.png; name = App_Icon.png_4.png; path = ../App_Icon.png_4.png; sourceTree = "<group>"; };
		9986BB50168EAD3F00A1C8F5 /* VideoDetailViewController.h */ = {isa = PBXFileReference; fileEncoding = 4; lastKnownFileType = sourcecode.c.h; path = VideoDetailViewController.h; sourceTree = "<group>"; };
		9986BB51168EAD3F00A1C8F5 /* VideoDetailViewController.m */ = {isa = PBXFileReference; fileEncoding = 4; lastKnownFileType = sourcecode.c.objc; path = VideoDetailViewController.m; sourceTree = "<group>"; };
		9986BB5616913F0C00A1C8F5 /* SendEmailViewController.h */ = {isa = PBXFileReference; fileEncoding = 4; lastKnownFileType = sourcecode.c.h; path = SendEmailViewController.h; sourceTree = "<group>"; };
		9986BB5716913F0C00A1C8F5 /* SendEmailViewController.m */ = {isa = PBXFileReference; fileEncoding = 4; lastKnownFileType = sourcecode.c.objc; path = SendEmailViewController.m; sourceTree = "<group>"; };
		9986BB591691412300A1C8F5 /* WordPressConnection.h */ = {isa = PBXFileReference; fileEncoding = 4; lastKnownFileType = sourcecode.c.h; path = WordPressConnection.h; sourceTree = "<group>"; };
		9986BB5A1691412300A1C8F5 /* WordPressConnection.m */ = {isa = PBXFileReference; fileEncoding = 4; lastKnownFileType = sourcecode.c.objc; path = WordPressConnection.m; sourceTree = "<group>"; };
		99881EC816921DE9006433E8 /* MailCore.xcodeproj */ = {isa = PBXFileReference; lastKnownFileType = "wrapper.pb-project"; name = MailCore.xcodeproj; path = ../MailCore/MailCore.xcodeproj; sourceTree = "<group>"; };
		99881EEF16921E87006433E8 /* libssl.a */ = {isa = PBXFileReference; lastKnownFileType = archive.ar; name = libssl.a; path = "../../MailCore/iOSPorts/ports/security/openssl/build/Release-iphoneos/libssl.a"; sourceTree = "<group>"; };
		99881EF116921E94006433E8 /* libsasl2.a */ = {isa = PBXFileReference; lastKnownFileType = archive.ar; name = libsasl2.a; path = "../../MailCore/iOSPorts/ports/security/cyrus-sasl/build/Release-iphoneos/libsasl2.a"; sourceTree = "<group>"; };
		99881EF316921F20006433E8 /* libetpan.framework */ = {isa = PBXFileReference; lastKnownFileType = wrapper.framework; name = libetpan.framework; path = "../../MailCore/libetpan/build-mac/build/Release/libetpan.framework"; sourceTree = "<group>"; };
		99881EF516921F3D006433E8 /* CFNetwork.framework */ = {isa = PBXFileReference; lastKnownFileType = wrapper.framework; name = CFNetwork.framework; path = System/Library/Frameworks/CFNetwork.framework; sourceTree = SDKROOT; };
		99881EF716921FAC006433E8 /* libiconv.dylib */ = {isa = PBXFileReference; lastKnownFileType = "compiled.mach-o.dylib"; name = libiconv.dylib; path = usr/lib/libiconv.dylib; sourceTree = SDKROOT; };
		99881EF916921FB9006433E8 /* libcrypto.a */ = {isa = PBXFileReference; lastKnownFileType = archive.ar; name = libcrypto.a; path = "../../MailCore/iOSPorts/ports/security/openssl/build/Release-iphoneos/libcrypto.a"; sourceTree = "<group>"; };
		99881EFF16924DF0006433E8 /* InboxViewController.h */ = {isa = PBXFileReference; fileEncoding = 4; lastKnownFileType = sourcecode.c.h; path = InboxViewController.h; sourceTree = "<group>"; };
		99881F0016924DF0006433E8 /* InboxViewController.m */ = {isa = PBXFileReference; fileEncoding = 4; lastKnownFileType = sourcecode.c.objc; path = InboxViewController.m; sourceTree = "<group>"; };
		9988A0C81696932F00D90D0D /* HeaderDisclosureArrow.png */ = {isa = PBXFileReference; lastKnownFileType = image.png; path = HeaderDisclosureArrow.png; sourceTree = "<group>"; };
		9988A0CA1696940F00D90D0D /* UITV_accessory_disclosure.png */ = {isa = PBXFileReference; lastKnownFileType = image.png; path = UITV_accessory_disclosure.png; sourceTree = "<group>"; };
		9988A0CC1696A06700D90D0D /* InboxDetailViewController.h */ = {isa = PBXFileReference; fileEncoding = 4; lastKnownFileType = sourcecode.c.h; path = InboxDetailViewController.h; sourceTree = "<group>"; };
		9988A0CD1696A06700D90D0D /* InboxDetailViewController.m */ = {isa = PBXFileReference; fileEncoding = 4; lastKnownFileType = sourcecode.c.objc; path = InboxDetailViewController.m; sourceTree = "<group>"; };
		998DB38816D978570088C9D3 /* Zion America v2_login_no line.png */ = {isa = PBXFileReference; lastKnownFileType = image.png; path = "Zion America v2_login_no line.png"; sourceTree = "<group>"; };
		998DB38A16D97CBB0088C9D3 /* HistoryViewController.h */ = {isa = PBXFileReference; fileEncoding = 4; lastKnownFileType = sourcecode.c.h; path = HistoryViewController.h; sourceTree = "<group>"; };
		998DB38B16D97CBB0088C9D3 /* HistoryViewController.m */ = {isa = PBXFileReference; fileEncoding = 4; lastKnownFileType = sourcecode.c.objc; path = HistoryViewController.m; sourceTree = "<group>"; };
		9991E0F2168BCF1400A88911 /* XMLRPC-iOS.xcodeproj */ = {isa = PBXFileReference; lastKnownFileType = "wrapper.pb-project"; name = "XMLRPC-iOS.xcodeproj"; path = "kdbdallas-xmlrpc-ios-f28a13cc16ae/XMLRPC-iOS.xcodeproj"; sourceTree = "<group>"; };
		9991E125168C21C700A88911 /* butterfly with text.png */ = {isa = PBXFileReference; lastKnownFileType = image.png; path = "butterfly with text.png"; sourceTree = "<group>"; };
		99A7181416D1B4B700AA7518 /* Zion_America.xcdatamodel */ = {isa = PBXFileReference; lastKnownFileType = wrapper.xcdatamodel; path = Zion_America.xcdatamodel; sourceTree = "<group>"; };
		99A7186B16D1BD5E00AA7518 /* CoreData.framework */ = {isa = PBXFileReference; lastKnownFileType = wrapper.framework; name = CoreData.framework; path = System/Library/Frameworks/CoreData.framework; sourceTree = SDKROOT; };
		99A7186D16D1C10B00AA7518 /* Contact.h */ = {isa = PBXFileReference; fileEncoding = 4; lastKnownFileType = sourcecode.c.h; path = Contact.h; sourceTree = "<group>"; };
		99A7186E16D1C10B00AA7518 /* Contact.m */ = {isa = PBXFileReference; fileEncoding = 4; lastKnownFileType = sourcecode.c.objc; path = Contact.m; sourceTree = "<group>"; };
		99C7370016DF3A3000173260 /* logout button-20x20.png */ = {isa = PBXFileReference; lastKnownFileType = image.png; path = "logout button-20x20.png"; sourceTree = "<group>"; };
		99CAA9A316D8539F001622B0 /* Zion America v2_logo_transparent.png */ = {isa = PBXFileReference; lastKnownFileType = image.png; path = "Zion America v2_logo_transparent.png"; sourceTree = "<group>"; };
		99CAA9A716D87E1D001622B0 /* button-green1.png */ = {isa = PBXFileReference; lastKnownFileType = image.png; path = "button-green1.png"; sourceTree = "<group>"; };
		99CAA9A916D882CF001622B0 /* Zion America v2_login_bg only_no text.png */ = {isa = PBXFileReference; lastKnownFileType = image.png; path = "Zion America v2_login_bg only_no text.png"; sourceTree = "<group>"; };
		99CAA9AB16D8830E001622B0 /* Zion America v2_login_button.png */ = {isa = PBXFileReference; lastKnownFileType = image.png; path = "Zion America v2_login_button.png"; sourceTree = "<group>"; };
		99CAA9AF16D885CC001622B0 /* Zion America v2_login_user pass.png */ = {isa = PBXFileReference; lastKnownFileType = image.png; path = "Zion America v2_login_user pass.png"; sourceTree = "<group>"; };
		99CAA9B116D886C9001622B0 /* Zion America v2_login_user_pass.png */ = {isa = PBXFileReference; lastKnownFileType = image.png; path = "Zion America v2_login_user_pass.png"; sourceTree = "<group>"; };
		99CAA9B316D88D4A001622B0 /* Zion America v2_login_pass.png */ = {isa = PBXFileReference; lastKnownFileType = image.png; path = "Zion America v2_login_pass.png"; sourceTree = "<group>"; };
		99CAA9B516D89D02001622B0 /* menu_icon.png */ = {isa = PBXFileReference; lastKnownFileType = image.png; path = menu_icon.png; sourceTree = "<group>"; };
		99E3E65B16CCA3C200207D44 /* MessageUI.framework */ = {isa = PBXFileReference; lastKnownFileType = wrapper.framework; name = MessageUI.framework; path = System/Library/Frameworks/MessageUI.framework; sourceTree = SDKROOT; };
		99E3E65D16CDADE900207D44 /* AddContactViewController.h */ = {isa = PBXFileReference; fileEncoding = 4; lastKnownFileType = sourcecode.c.h; path = AddContactViewController.h; sourceTree = "<group>"; };
		99E3E65E16CDADE900207D44 /* AddContactViewController.m */ = {isa = PBXFileReference; fileEncoding = 4; lastKnownFileType = sourcecode.c.objc; path = AddContactViewController.m; sourceTree = "<group>"; };
		99E8146C16DBAFFA00ED04C5 /* History.h */ = {isa = PBXFileReference; fileEncoding = 4; lastKnownFileType = sourcecode.c.h; path = History.h; sourceTree = "<group>"; };
		99E8146D16DBAFFA00ED04C5 /* History.m */ = {isa = PBXFileReference; fileEncoding = 4; lastKnownFileType = sourcecode.c.objc; path = History.m; sourceTree = "<group>"; };
		99E8147316DC7F4200ED04C5 /* HistoryCell.h */ = {isa = PBXFileReference; fileEncoding = 4; lastKnownFileType = sourcecode.c.h; path = HistoryCell.h; sourceTree = "<group>"; };
		99E8147416DC7F4200ED04C5 /* HistoryCell.m */ = {isa = PBXFileReference; fileEncoding = 4; lastKnownFileType = sourcecode.c.objc; path = HistoryCell.m; sourceTree = "<group>"; };
		99E8147816DC80BB00ED04C5 /* HistoryCell.xib */ = {isa = PBXFileReference; fileEncoding = 4; lastKnownFileType = file.xib; path = HistoryCell.xib; sourceTree = "<group>"; };
		99E8147A16DDAED100ED04C5 /* Zion America v2_settings button.png */ = {isa = PBXFileReference; lastKnownFileType = image.png; path = "Zion America v2_settings button.png"; sourceTree = "<group>"; };
		99E8147C16DDB0AF00ED04C5 /* Zion America v2_settings button-2.png */ = {isa = PBXFileReference; lastKnownFileType = image.png; path = "Zion America v2_settings button-2.png"; sourceTree = "<group>"; };
		99E8147E16DDB5F600ED04C5 /* Zion America v2_settings button-20x20.png */ = {isa = PBXFileReference; lastKnownFileType = image.png; path = "Zion America v2_settings button-20x20.png"; sourceTree = "<group>"; };
		99E8148016DDB62200ED04C5 /* Zion America v2_settings button-40x40.png */ = {isa = PBXFileReference; lastKnownFileType = image.png; path = "Zion America v2_settings button-40x40.png"; sourceTree = "<group>"; };
		99E8148616DDC2B400ED04C5 /* Zion America v2_login_button grey.png */ = {isa = PBXFileReference; lastKnownFileType = image.png; path = "Zion America v2_login_button grey.png"; sourceTree = "<group>"; };
		99E8148816DDC50B00ED04C5 /* ZionAmerica_Logout_button.png */ = {isa = PBXFileReference; lastKnownFileType = image.png; path = ZionAmerica_Logout_button.png; sourceTree = "<group>"; };
		99E8148A16DDC61400ED04C5 /* Zion America_v2_login_button grey.png */ = {isa = PBXFileReference; lastKnownFileType = image.png; path = "Zion America_v2_login_button grey.png"; sourceTree = "<group>"; };
		99E8149016DDCC7D00ED04C5 /* Zion America v2_login_bg only_no text_2.png */ = {isa = PBXFileReference; lastKnownFileType = image.png; path = "Zion America v2_login_bg only_no text_2.png"; sourceTree = "<group>"; };
		99E8149216DDD77900ED04C5 /* icon@2x.png */ = {isa = PBXFileReference; lastKnownFileType = image.png; path = "icon@2x.png"; sourceTree = "<group>"; };
		99E8149416DDD78000ED04C5 /* icon.png */ = {isa = PBXFileReference; lastKnownFileType = image.png; path = icon.png; sourceTree = "<group>"; };
		99E8149616DDD79C00ED04C5 /* icon.png */ = {isa = PBXFileReference; lastKnownFileType = image.png; name = icon.png; path = ../icon.png; sourceTree = "<group>"; };
		99E8149816DDD7A800ED04C5 /* icon@2x.png */ = {isa = PBXFileReference; lastKnownFileType = image.png; name = "icon@2x.png"; path = "../icon@2x.png"; sourceTree = "<group>"; };
		99E8149C16DF30A900ED04C5 /* Zion America v2_App Icon_57x57.png */ = {isa = PBXFileReference; lastKnownFileType = image.png; path = "Zion America v2_App Icon_57x57.png"; sourceTree = "<group>"; };
		99E8149E16DF30C100ED04C5 /* Zion America v2_App Icon_114x114.png */ = {isa = PBXFileReference; lastKnownFileType = image.png; path = "Zion America v2_App Icon_114x114.png"; sourceTree = "<group>"; };
		99E814A016DF30E400ED04C5 /* Zion America v2_App Icon_57x57.png */ = {isa = PBXFileReference; lastKnownFileType = image.png; path = "Zion America v2_App Icon_57x57.png"; sourceTree = SOURCE_ROOT; };
		99E814A216DF30F600ED04C5 /* Zion America v2_App Icon_114x114.png */ = {isa = PBXFileReference; lastKnownFileType = image.png; path = "Zion America v2_App Icon_114x114.png"; sourceTree = SOURCE_ROOT; };
		99E814A416DF312500ED04C5 /* Zion America v2_loading_iphone5.png */ = {isa = PBXFileReference; lastKnownFileType = image.png; path = "Zion America v2_loading_iphone5.png"; sourceTree = "<group>"; };
		99E814A616DF312D00ED04C5 /* Zion America v2_loading_iphone4.png */ = {isa = PBXFileReference; lastKnownFileType = image.png; path = "Zion America v2_loading_iphone4.png"; sourceTree = "<group>"; };
		99E814A816DF313400ED04C5 /* Zion America v2_loading_iphone3.png */ = {isa = PBXFileReference; lastKnownFileType = image.png; path = "Zion America v2_loading_iphone3.png"; sourceTree = "<group>"; };
		99E814AA16DF314000ED04C5 /* Default.png */ = {isa = PBXFileReference; lastKnownFileType = image.png; name = Default.png; path = ../Default.png; sourceTree = "<group>"; };
		99E814AC16DF314D00ED04C5 /* Default@2x.png */ = {isa = PBXFileReference; lastKnownFileType = image.png; name = "Default@2x.png"; path = "../Default@2x.png"; sourceTree = "<group>"; };
		99E814AE16DF315700ED04C5 /* Default-568h@2x.png */ = {isa = PBXFileReference; lastKnownFileType = image.png; name = "Default-568h@2x.png"; path = "../Default-568h@2x.png"; sourceTree = "<group>"; };
		99F7C10616E8521B0065B0AA /* .gitignore */ = {isa = PBXFileReference; fileEncoding = 4; lastKnownFileType = text; path = .gitignore; sourceTree = "<group>"; };
		99F7C12016E8521C0065B0AA /* HTAutocompleteTextField.h */ = {isa = PBXFileReference; fileEncoding = 4; lastKnownFileType = sourcecode.c.h; path = HTAutocompleteTextField.h; sourceTree = "<group>"; };
		99F7C12116E8521C0065B0AA /* HTAutocompleteTextField.m */ = {isa = PBXFileReference; fileEncoding = 4; lastKnownFileType = sourcecode.c.objc; path = HTAutocompleteTextField.m; sourceTree = "<group>"; };
		99F7C12316E8521C0065B0AA /* LICENSE */ = {isa = PBXFileReference; fileEncoding = 4; lastKnownFileType = text; path = LICENSE; sourceTree = "<group>"; };
		99F7C12416E8521C0065B0AA /* README.md */ = {isa = PBXFileReference; fileEncoding = 4; lastKnownFileType = text; path = README.md; sourceTree = "<group>"; };
		99F7C13D16E854F90065B0AA /* HTAutocompleteManager.h */ = {isa = PBXFileReference; fileEncoding = 4; lastKnownFileType = sourcecode.c.h; name = HTAutocompleteManager.h; path = ../HTAutocompleteManager.h; sourceTree = "<group>"; };
		99F7C13E16E8550C0065B0AA /* HTAutocompleteManager.m */ = {isa = PBXFileReference; fileEncoding = 4; lastKnownFileType = sourcecode.c.objc; name = HTAutocompleteManager.m; path = ../HTAutocompleteManager.m; sourceTree = "<group>"; };
		99F7C14016E9A1BB0065B0AA /* Constants.h */ = {isa = PBXFileReference; fileEncoding = 4; lastKnownFileType = sourcecode.c.h; path = Constants.h; sourceTree = "<group>"; };
		99F7C14116E9A1BC0065B0AA /* Constants.m */ = {isa = PBXFileReference; fileEncoding = 4; lastKnownFileType = sourcecode.c.objc; path = Constants.m; sourceTree = "<group>"; };
		FC851208168A1AB100F94C60 /* Zion America.app */ = {isa = PBXFileReference; explicitFileType = wrapper.application; includeInIndex = 0; path = "Zion America.app"; sourceTree = BUILT_PRODUCTS_DIR; };
		FC85120C168A1AB100F94C60 /* UIKit.framework */ = {isa = PBXFileReference; lastKnownFileType = wrapper.framework; name = UIKit.framework; path = System/Library/Frameworks/UIKit.framework; sourceTree = SDKROOT; };
		FC85120E168A1AB100F94C60 /* Foundation.framework */ = {isa = PBXFileReference; lastKnownFileType = wrapper.framework; name = Foundation.framework; path = System/Library/Frameworks/Foundation.framework; sourceTree = SDKROOT; };
		FC851210168A1AB100F94C60 /* CoreGraphics.framework */ = {isa = PBXFileReference; lastKnownFileType = wrapper.framework; name = CoreGraphics.framework; path = System/Library/Frameworks/CoreGraphics.framework; sourceTree = SDKROOT; };
		FC851214168A1AB100F94C60 /* Zion America-Info.plist */ = {isa = PBXFileReference; lastKnownFileType = text.plist.xml; path = "Zion America-Info.plist"; sourceTree = "<group>"; };
		FC851216168A1AB100F94C60 /* en */ = {isa = PBXFileReference; lastKnownFileType = text.plist.strings; name = en; path = en.lproj/InfoPlist.strings; sourceTree = "<group>"; };
		FC851218168A1AB200F94C60 /* main.m */ = {isa = PBXFileReference; lastKnownFileType = sourcecode.c.objc; path = main.m; sourceTree = "<group>"; };
		FC85121A168A1AB200F94C60 /* Zion America-Prefix.pch */ = {isa = PBXFileReference; lastKnownFileType = sourcecode.c.h; path = "Zion America-Prefix.pch"; sourceTree = "<group>"; };
		FC85121B168A1AB200F94C60 /* Zion_AmericaAppDelegate.h */ = {isa = PBXFileReference; lastKnownFileType = sourcecode.c.h; path = Zion_AmericaAppDelegate.h; sourceTree = "<group>"; };
		FC85121C168A1AB200F94C60 /* Zion_AmericaAppDelegate.m */ = {isa = PBXFileReference; lastKnownFileType = sourcecode.c.objc; path = Zion_AmericaAppDelegate.m; sourceTree = "<group>"; };
		FC85121E168A1AB200F94C60 /* Default.png */ = {isa = PBXFileReference; lastKnownFileType = image.png; path = Default.png; sourceTree = "<group>"; };
		FC851220168A1AB200F94C60 /* Default@2x.png */ = {isa = PBXFileReference; lastKnownFileType = image.png; path = "Default@2x.png"; sourceTree = "<group>"; };
		FC851222168A1AB200F94C60 /* Default-568h@2x.png */ = {isa = PBXFileReference; lastKnownFileType = image.png; path = "Default-568h@2x.png"; sourceTree = "<group>"; };
		FC85122A168A1AB200F94C60 /* first.png */ = {isa = PBXFileReference; lastKnownFileType = image.png; path = first.png; sourceTree = "<group>"; };
		FC85122C168A1AB200F94C60 /* first@2x.png */ = {isa = PBXFileReference; lastKnownFileType = image.png; path = "first@2x.png"; sourceTree = "<group>"; };
		FC851231168A1AB200F94C60 /* second.png */ = {isa = PBXFileReference; lastKnownFileType = image.png; path = second.png; sourceTree = "<group>"; };
		FC851233168A1AB200F94C60 /* second@2x.png */ = {isa = PBXFileReference; lastKnownFileType = image.png; path = "second@2x.png"; sourceTree = "<group>"; };
		FC85123A168A1AB200F94C60 /* Zion AmericaTests.octest */ = {isa = PBXFileReference; explicitFileType = wrapper.cfbundle; includeInIndex = 0; path = "Zion AmericaTests.octest"; sourceTree = BUILT_PRODUCTS_DIR; };
		FC85123B168A1AB200F94C60 /* SenTestingKit.framework */ = {isa = PBXFileReference; lastKnownFileType = wrapper.framework; name = SenTestingKit.framework; path = Library/Frameworks/SenTestingKit.framework; sourceTree = DEVELOPER_DIR; };
		FC851243168A1AB200F94C60 /* Zion AmericaTests-Info.plist */ = {isa = PBXFileReference; lastKnownFileType = text.plist.xml; path = "Zion AmericaTests-Info.plist"; sourceTree = "<group>"; };
		FC851245168A1AB200F94C60 /* en */ = {isa = PBXFileReference; lastKnownFileType = text.plist.strings; name = en; path = en.lproj/InfoPlist.strings; sourceTree = "<group>"; };
		FC851247168A1AB200F94C60 /* Zion_AmericaTests.h */ = {isa = PBXFileReference; lastKnownFileType = sourcecode.c.h; path = Zion_AmericaTests.h; sourceTree = "<group>"; };
		FC851248168A1AB200F94C60 /* Zion_AmericaTests.m */ = {isa = PBXFileReference; lastKnownFileType = sourcecode.c.objc; path = Zion_AmericaTests.m; sourceTree = "<group>"; };
		FC851266168A54B100F94C60 /* LoginViewController.h */ = {isa = PBXFileReference; fileEncoding = 4; lastKnownFileType = sourcecode.c.h; path = LoginViewController.h; sourceTree = "<group>"; };
		FC851267168A54B100F94C60 /* LoginViewController.m */ = {isa = PBXFileReference; fileEncoding = 4; lastKnownFileType = sourcecode.c.objc; path = LoginViewController.m; sourceTree = "<group>"; };
		FC851279168ABEC800F94C60 /* right.png */ = {isa = PBXFileReference; lastKnownFileType = image.png; path = right.png; sourceTree = "<group>"; };
		FC851282168AD11400F94C60 /* home.png */ = {isa = PBXFileReference; lastKnownFileType = image.png; path = home.png; sourceTree = "<group>"; };
		FC851284168AD1ED00F94C60 /* envelop.png */ = {isa = PBXFileReference; lastKnownFileType = image.png; path = envelop.png; sourceTree = "<group>"; };
		FC851286168AD1F600F94C60 /* arrow.png */ = {isa = PBXFileReference; lastKnownFileType = image.png; path = arrow.png; sourceTree = "<group>"; };
		FC851288168AD55F00F94C60 /* television.png */ = {isa = PBXFileReference; lastKnownFileType = image.png; path = television.png; sourceTree = "<group>"; };
/* End PBXFileReference section */

/* Begin PBXFrameworksBuildPhase section */
		FC851205168A1AB100F94C60 /* Frameworks */ = {
			isa = PBXFrameworksBuildPhase;
			buildActionMask = 2147483647;
			files = (
				99047A9416E57C1200622548 /* AddressBookUI.framework in Frameworks */,
				99047A9016E57C0900622548 /* AddressBook.framework in Frameworks */,
				99A7186C16D1BD5E00AA7518 /* CoreData.framework in Frameworks */,
				99E3E65C16CCA3C300207D44 /* MessageUI.framework in Frameworks */,
				99881EFA16921FB9006433E8 /* libcrypto.a in Frameworks */,
				99881EF816921FAC006433E8 /* libiconv.dylib in Frameworks */,
				99881EF616921F3D006433E8 /* CFNetwork.framework in Frameworks */,
				99881EF216921E94006433E8 /* libsasl2.a in Frameworks */,
				99881EF016921E87006433E8 /* libssl.a in Frameworks */,
				99881EEE16921E7D006433E8 /* libmailcore.a in Frameworks */,
				9991E11B168BD50500A88911 /* libXMLRPC_iOS.a in Frameworks */,
				990D546D168B8EC200E0BEC5 /* libsqlite3.0.dylib in Frameworks */,
				FC85120D168A1AB100F94C60 /* UIKit.framework in Frameworks */,
				FC85120F168A1AB100F94C60 /* Foundation.framework in Frameworks */,
				FC851211168A1AB100F94C60 /* CoreGraphics.framework in Frameworks */,
			);
			runOnlyForDeploymentPostprocessing = 0;
		};
		FC851236168A1AB200F94C60 /* Frameworks */ = {
			isa = PBXFrameworksBuildPhase;
			buildActionMask = 2147483647;
			files = (
				FC85123C168A1AB200F94C60 /* SenTestingKit.framework in Frameworks */,
				FC85123D168A1AB200F94C60 /* UIKit.framework in Frameworks */,
				FC85123E168A1AB200F94C60 /* Foundation.framework in Frameworks */,
			);
			runOnlyForDeploymentPostprocessing = 0;
		};
/* End PBXFrameworksBuildPhase section */

/* Begin PBXGroup section */
		99881EC916921DE9006433E8 /* Products */ = {
			isa = PBXGroup;
			children = (
				99881EE016921DEA006433E8 /* MailCore.framework */,
				99881EE216921DEA006433E8 /* libmailcore.a */,
				99881EE416921DEA006433E8 /* Tests.octest */,
			);
			name = Products;
			sourceTree = "<group>";
		};
		9991E114168BD4F000A88911 /* Products */ = {
			isa = PBXGroup;
			children = (
				9991E118168BD4F000A88911 /* libXMLRPC_iOS.a */,
			);
			name = Products;
			sourceTree = "<group>";
		};
		99F7C10516E8521B0065B0AA /* HTAutocompleteTextField-master */ = {
			isa = PBXGroup;
			children = (
				99F7C13D16E854F90065B0AA /* HTAutocompleteManager.h */,
				99F7C13E16E8550C0065B0AA /* HTAutocompleteManager.m */,
				99F7C10616E8521B0065B0AA /* .gitignore */,
				99F7C12016E8521C0065B0AA /* HTAutocompleteTextField.h */,
				99F7C12116E8521C0065B0AA /* HTAutocompleteTextField.m */,
				99F7C12316E8521C0065B0AA /* LICENSE */,
				99F7C12416E8521C0065B0AA /* README.md */,
			);
			path = "HTAutocompleteTextField-master";
			sourceTree = "<group>";
		};
		FC8511FD168A1AB100F94C60 = {
			isa = PBXGroup;
			children = (
				99881EC816921DE9006433E8 /* MailCore.xcodeproj */,
				9991E0F2168BCF1400A88911 /* XMLRPC-iOS.xcodeproj */,
				FC851212168A1AB100F94C60 /* Zion America */,
				FC851241168A1AB200F94C60 /* Zion AmericaTests */,
				FC85120B168A1AB100F94C60 /* Frameworks */,
				FC851209168A1AB100F94C60 /* Products */,
			);
			sourceTree = "<group>";
			usesTabs = 0;
		};
		FC851209168A1AB100F94C60 /* Products */ = {
			isa = PBXGroup;
			children = (
				FC851208168A1AB100F94C60 /* Zion America.app */,
				FC85123A168A1AB200F94C60 /* Zion AmericaTests.octest */,
			);
			name = Products;
			sourceTree = "<group>";
		};
		FC85120B168A1AB100F94C60 /* Frameworks */ = {
			isa = PBXGroup;
			children = (
				99047A9316E57C1200622548 /* AddressBookUI.framework */,
				99047A8F16E57C0900622548 /* AddressBook.framework */,
				99A7186B16D1BD5E00AA7518 /* CoreData.framework */,
				99E3E65B16CCA3C200207D44 /* MessageUI.framework */,
				99881EF516921F3D006433E8 /* CFNetwork.framework */,
				FC85120C168A1AB100F94C60 /* UIKit.framework */,
				FC85120E168A1AB100F94C60 /* Foundation.framework */,
				FC851210168A1AB100F94C60 /* CoreGraphics.framework */,
				FC85123B168A1AB200F94C60 /* SenTestingKit.framework */,
			);
			name = Frameworks;
			sourceTree = "<group>";
		};
		FC851212168A1AB100F94C60 /* Zion America */ = {
			isa = PBXGroup;
			children = (
				9986BB591691412300A1C8F5 /* WordPressConnection.h */,
				9986BB5A1691412300A1C8F5 /* WordPressConnection.m */,
				FC85121B168A1AB200F94C60 /* Zion_AmericaAppDelegate.h */,
				FC85121C168A1AB200F94C60 /* Zion_AmericaAppDelegate.m */,
				FC851224168A1AB200F94C60 /* MainStoryboard.storyboard */,
				FC851266168A54B100F94C60 /* LoginViewController.h */,
				FC851267168A54B100F94C60 /* LoginViewController.m */,
				99050B39168D441800276395 /* SendVideoViewController.h */,
				99050B3A168D441800276395 /* SendVideoViewController.m */,
				99050B3C168D59DB00276395 /* VariableStore.h */,
				99050B3D168D59DB00276395 /* VariableStore.m */,
				9986BB50168EAD3F00A1C8F5 /* VideoDetailViewController.h */,
				9986BB51168EAD3F00A1C8F5 /* VideoDetailViewController.m */,
				9986BB5616913F0C00A1C8F5 /* SendEmailViewController.h */,
				9986BB5716913F0C00A1C8F5 /* SendEmailViewController.m */,
				99881EFF16924DF0006433E8 /* InboxViewController.h */,
				99881F0016924DF0006433E8 /* InboxViewController.m */,
				997C98D81694039600B2C809 /* InboxCell.h */,
				997C98D91694039600B2C809 /* InboxCell.m */,
				997C98DB1694046B00B2C809 /* InboxCellView.xib */,
				9988A0CC1696A06700D90D0D /* InboxDetailViewController.h */,
				9988A0CD1696A06700D90D0D /* InboxDetailViewController.m */,
				9900D14116994913004DD65A /* ContactsViewController.h */,
				9900D14216994913004DD65A /* ContactsViewController.m */,
				99A7186D16D1C10B00AA7518 /* Contact.h */,
				99A7186E16D1C10B00AA7518 /* Contact.m */,
				99E3E65D16CDADE900207D44 /* AddContactViewController.h */,
				99E3E65E16CDADE900207D44 /* AddContactViewController.m */,
				998DB38A16D97CBB0088C9D3 /* HistoryViewController.h */,
				998DB38B16D97CBB0088C9D3 /* HistoryViewController.m */,
				99A7181316D1B4B700AA7518 /* Zion_America.xcdatamodeld */,
				99E8146C16DBAFFA00ED04C5 /* History.h */,
				99E8146D16DBAFFA00ED04C5 /* History.m */,
				99E8147816DC80BB00ED04C5 /* HistoryCell.xib */,
				99E8147316DC7F4200ED04C5 /* HistoryCell.h */,
				99E8147416DC7F4200ED04C5 /* HistoryCell.m */,
				99F7C14016E9A1BB0065B0AA /* Constants.h */,
				99F7C14116E9A1BC0065B0AA /* Constants.m */,
				FC851276168AB5D800F94C60 /* Resources */,
				FC851213168A1AB100F94C60 /* Supporting Files */,
			);
			path = "Zion America";
			sourceTree = "<group>";
		};
		FC851213168A1AB100F94C60 /* Supporting Files */ = {
			isa = PBXGroup;
			children = (
				99F7C10516E8521B0065B0AA /* HTAutocompleteTextField-master */,
				99881EF916921FB9006433E8 /* libcrypto.a */,
				99881EF716921FAC006433E8 /* libiconv.dylib */,
				99881EF316921F20006433E8 /* libetpan.framework */,
				99881EF116921E94006433E8 /* libsasl2.a */,
				99881EEF16921E87006433E8 /* libssl.a */,
				990D546C168B8EC200E0BEC5 /* libsqlite3.0.dylib */,
				FC851214168A1AB100F94C60 /* Zion America-Info.plist */,
				FC851215168A1AB100F94C60 /* InfoPlist.strings */,
				FC851218168A1AB200F94C60 /* main.m */,
				FC85121A168A1AB200F94C60 /* Zion America-Prefix.pch */,
				FC85121E168A1AB200F94C60 /* Default.png */,
				FC851220168A1AB200F94C60 /* Default@2x.png */,
				FC851222168A1AB200F94C60 /* Default-568h@2x.png */,
			);
			name = "Supporting Files";
			sourceTree = "<group>";
		};
		FC851241168A1AB200F94C60 /* Zion AmericaTests */ = {
			isa = PBXGroup;
			children = (
				FC851247168A1AB200F94C60 /* Zion_AmericaTests.h */,
				FC851248168A1AB200F94C60 /* Zion_AmericaTests.m */,
				FC851242168A1AB200F94C60 /* Supporting Files */,
			);
			path = "Zion AmericaTests";
			sourceTree = "<group>";
		};
		FC851242168A1AB200F94C60 /* Supporting Files */ = {
			isa = PBXGroup;
			children = (
				FC851243168A1AB200F94C60 /* Zion AmericaTests-Info.plist */,
				FC851244168A1AB200F94C60 /* InfoPlist.strings */,
			);
			name = "Supporting Files";
			sourceTree = "<group>";
		};
		FC851276168AB5D800F94C60 /* Resources */ = {
			isa = PBXGroup;
			children = (
				997FE37316E0745400D20FCE /* Zion America v2_power button-20x20.png */,
				99C7370016DF3A3000173260 /* logout button-20x20.png */,
				99E814AE16DF315700ED04C5 /* Default-568h@2x.png */,
				99E814AC16DF314D00ED04C5 /* Default@2x.png */,
				99E814AA16DF314000ED04C5 /* Default.png */,
				99E814A216DF30F600ED04C5 /* Zion America v2_App Icon_114x114.png */,
				99E814A016DF30E400ED04C5 /* Zion America v2_App Icon_57x57.png */,
				99E8149816DDD7A800ED04C5 /* icon@2x.png */,
				99E8149616DDD79C00ED04C5 /* icon.png */,
				99E814A816DF313400ED04C5 /* Zion America v2_loading_iphone3.png */,
				99E814A616DF312D00ED04C5 /* Zion America v2_loading_iphone4.png */,
				99E814A416DF312500ED04C5 /* Zion America v2_loading_iphone5.png */,
				99E8149E16DF30C100ED04C5 /* Zion America v2_App Icon_114x114.png */,
				99E8149C16DF30A900ED04C5 /* Zion America v2_App Icon_57x57.png */,
				99E8149416DDD78000ED04C5 /* icon.png */,
				99E8149216DDD77900ED04C5 /* icon@2x.png */,
				99E8149016DDCC7D00ED04C5 /* Zion America v2_login_bg only_no text_2.png */,
				99E8148A16DDC61400ED04C5 /* Zion America_v2_login_button grey.png */,
				99E8148816DDC50B00ED04C5 /* ZionAmerica_Logout_button.png */,
				99E8148616DDC2B400ED04C5 /* Zion America v2_login_button grey.png */,
				99E8148016DDB62200ED04C5 /* Zion America v2_settings button-40x40.png */,
				99E8147E16DDB5F600ED04C5 /* Zion America v2_settings button-20x20.png */,
				99E8147C16DDB0AF00ED04C5 /* Zion America v2_settings button-2.png */,
				99E8147A16DDAED100ED04C5 /* Zion America v2_settings button.png */,
				998DB38816D978570088C9D3 /* Zion America v2_login_no line.png */,
				99CAA9AF16D885CC001622B0 /* Zion America v2_login_user pass.png */,
				99CAA9B516D89D02001622B0 /* menu_icon.png */,
				99CAA9B316D88D4A001622B0 /* Zion America v2_login_pass.png */,
				99CAA9B116D886C9001622B0 /* Zion America v2_login_user_pass.png */,
				99CAA9AB16D8830E001622B0 /* Zion America v2_login_button.png */,
				99CAA9A916D882CF001622B0 /* Zion America v2_login_bg only_no text.png */,
				99CAA9A716D87E1D001622B0 /* button-green1.png */,
				99CAA9A316D8539F001622B0 /* Zion America v2_logo_transparent.png */,
				9907A07016AB99FE003599BE /* grey_uibutton.png */,
				9907A06E16AB99F7003599BE /* green_uibutton.png */,
				9907A06C16AB99F0003599BE /* red_uibutton.png */,
				9907A06A16AB992A003599BE /* red_uibutton.jpeg */,
				9988A0CA1696940F00D90D0D /* UITV_accessory_disclosure.png */,
				9988A0C81696932F00D90D0D /* HeaderDisclosureArrow.png */,
				997F12C41694170200E2F27B /* gnome_mail_read.png */,
				99176FA81694147900271DF1 /* bullet_blue.png */,
				9984A05F169218D500C28A9A /* App_Icon.png_4.png */,
				9984A05D169218A700C28A9A /* App_Icon.png */,
				9991E125168C21C700A88911 /* butterfly with text.png */,
				990D546F168B8FAB00E0BEC5 /* butterfly.png */,
				FC851288168AD55F00F94C60 /* television.png */,
				FC851286168AD1F600F94C60 /* arrow.png */,
				FC851284168AD1ED00F94C60 /* envelop.png */,
				FC851282168AD11400F94C60 /* home.png */,
				FC851233168A1AB200F94C60 /* second@2x.png */,
				FC851231168A1AB200F94C60 /* second.png */,
				FC85122C168A1AB200F94C60 /* first@2x.png */,
				FC85122A168A1AB200F94C60 /* first.png */,
				FC851279168ABEC800F94C60 /* right.png */,
				99176FA61694135B00271DF1 /* gnome_mail_unread.png */,
				99176FA41694135400271DF1 /* stock_mail_unread.png */,
			);
			name = Resources;
			sourceTree = "<group>";
		};
/* End PBXGroup section */

/* Begin PBXNativeTarget section */
		FC851207168A1AB100F94C60 /* Zion America */ = {
			isa = PBXNativeTarget;
			buildConfigurationList = FC85124C168A1AB200F94C60 /* Build configuration list for PBXNativeTarget "Zion America" */;
			buildPhases = (
				FC851204168A1AB100F94C60 /* Sources */,
				FC851205168A1AB100F94C60 /* Frameworks */,
				FC851206168A1AB100F94C60 /* Resources */,
			);
			buildRules = (
			);
			dependencies = (
				99881EED16921E5E006433E8 /* PBXTargetDependency */,
				9991E11A168BD4FE00A88911 /* PBXTargetDependency */,
			);
			name = "Zion America";
			productName = "Zion America";
			productReference = FC851208168A1AB100F94C60 /* Zion America.app */;
			productType = "com.apple.product-type.application";
		};
		FC851239168A1AB200F94C60 /* Zion AmericaTests */ = {
			isa = PBXNativeTarget;
			buildConfigurationList = FC85124F168A1AB200F94C60 /* Build configuration list for PBXNativeTarget "Zion AmericaTests" */;
			buildPhases = (
				FC851235168A1AB200F94C60 /* Sources */,
				FC851236168A1AB200F94C60 /* Frameworks */,
				FC851237168A1AB200F94C60 /* Resources */,
				FC851238168A1AB200F94C60 /* ShellScript */,
			);
			buildRules = (
			);
			dependencies = (
				FC851240168A1AB200F94C60 /* PBXTargetDependency */,
			);
			name = "Zion AmericaTests";
			productName = "Zion AmericaTests";
			productReference = FC85123A168A1AB200F94C60 /* Zion AmericaTests.octest */;
			productType = "com.apple.product-type.bundle";
		};
/* End PBXNativeTarget section */

/* Begin PBXProject section */
		FC8511FF168A1AB100F94C60 /* Project object */ = {
			isa = PBXProject;
			attributes = {
				CLASSPREFIX = "Zion America";
				LastUpgradeCheck = 0450;
				ORGANIZATIONNAME = "Patrick Asare";
			};
			buildConfigurationList = FC851202168A1AB100F94C60 /* Build configuration list for PBXProject "Zion America" */;
			compatibilityVersion = "Xcode 3.2";
			developmentRegion = English;
			hasScannedForEncodings = 0;
			knownRegions = (
				en,
				English,
				Base,
			);
			mainGroup = FC8511FD168A1AB100F94C60;
			productRefGroup = FC851209168A1AB100F94C60 /* Products */;
			projectDirPath = "";
			projectReferences = (
				{
					ProductGroup = 99881EC916921DE9006433E8 /* Products */;
					ProjectRef = 99881EC816921DE9006433E8 /* MailCore.xcodeproj */;
				},
				{
					ProductGroup = 9991E114168BD4F000A88911 /* Products */;
					ProjectRef = 9991E0F2168BCF1400A88911 /* XMLRPC-iOS.xcodeproj */;
				},
			);
			projectRoot = "";
			targets = (
				FC851207168A1AB100F94C60 /* Zion America */,
				FC851239168A1AB200F94C60 /* Zion AmericaTests */,
			);
		};
/* End PBXProject section */

/* Begin PBXReferenceProxy section */
		99881EE016921DEA006433E8 /* MailCore.framework */ = {
			isa = PBXReferenceProxy;
			fileType = wrapper.framework;
			path = MailCore.framework;
			remoteRef = 99881EDF16921DEA006433E8 /* PBXContainerItemProxy */;
			sourceTree = BUILT_PRODUCTS_DIR;
		};
		99881EE216921DEA006433E8 /* libmailcore.a */ = {
			isa = PBXReferenceProxy;
			fileType = archive.ar;
			path = libmailcore.a;
			remoteRef = 99881EE116921DEA006433E8 /* PBXContainerItemProxy */;
			sourceTree = BUILT_PRODUCTS_DIR;
		};
		99881EE416921DEA006433E8 /* Tests.octest */ = {
			isa = PBXReferenceProxy;
			fileType = wrapper.cfbundle;
			path = Tests.octest;
			remoteRef = 99881EE316921DEA006433E8 /* PBXContainerItemProxy */;
			sourceTree = BUILT_PRODUCTS_DIR;
		};
		9991E118168BD4F000A88911 /* libXMLRPC_iOS.a */ = {
			isa = PBXReferenceProxy;
			fileType = archive.ar;
			path = libXMLRPC_iOS.a;
			remoteRef = 9991E117168BD4F000A88911 /* PBXContainerItemProxy */;
			sourceTree = BUILT_PRODUCTS_DIR;
		};
/* End PBXReferenceProxy section */

/* Begin PBXResourcesBuildPhase section */
		FC851206168A1AB100F94C60 /* Resources */ = {
			isa = PBXResourcesBuildPhase;
			buildActionMask = 2147483647;
			files = (
				FC851217168A1AB100F94C60 /* InfoPlist.strings in Resources */,
				FC85121F168A1AB200F94C60 /* Default.png in Resources */,
				FC851221168A1AB200F94C60 /* Default@2x.png in Resources */,
				FC851223168A1AB200F94C60 /* Default-568h@2x.png in Resources */,
				FC851226168A1AB200F94C60 /* MainStoryboard.storyboard in Resources */,
				FC85122B168A1AB200F94C60 /* first.png in Resources */,
				FC85122D168A1AB200F94C60 /* first@2x.png in Resources */,
				FC851232168A1AB200F94C60 /* second.png in Resources */,
				FC851234168A1AB200F94C60 /* second@2x.png in Resources */,
				FC85127A168ABEC800F94C60 /* right.png in Resources */,
				FC851283168AD11400F94C60 /* home.png in Resources */,
				FC851285168AD1ED00F94C60 /* envelop.png in Resources */,
				FC851287168AD1F600F94C60 /* arrow.png in Resources */,
				FC851289168AD55F00F94C60 /* television.png in Resources */,
				990D5470168B8FAB00E0BEC5 /* butterfly.png in Resources */,
				9991E126168C21C700A88911 /* butterfly with text.png in Resources */,
				9984A05E169218A700C28A9A /* App_Icon.png in Resources */,
				9984A060169218D500C28A9A /* App_Icon.png_4.png in Resources */,
				997C98DC1694046B00B2C809 /* InboxCellView.xib in Resources */,
				99176FA51694135400271DF1 /* stock_mail_unread.png in Resources */,
				99176FA71694135B00271DF1 /* gnome_mail_unread.png in Resources */,
				99176FA91694147900271DF1 /* bullet_blue.png in Resources */,
				997F12C51694170200E2F27B /* gnome_mail_read.png in Resources */,
				9988A0C91696933000D90D0D /* HeaderDisclosureArrow.png in Resources */,
				9988A0CB1696940F00D90D0D /* UITV_accessory_disclosure.png in Resources */,
				9907A06B16AB992A003599BE /* red_uibutton.jpeg in Resources */,
				9907A06D16AB99F0003599BE /* red_uibutton.png in Resources */,
				9907A06F16AB99F7003599BE /* green_uibutton.png in Resources */,
				9907A07116AB99FE003599BE /* grey_uibutton.png in Resources */,
				99CAA9A416D8539F001622B0 /* Zion America v2_logo_transparent.png in Resources */,
				99CAA9A816D87E1D001622B0 /* button-green1.png in Resources */,
				99CAA9AA16D882CF001622B0 /* Zion America v2_login_bg only_no text.png in Resources */,
				99CAA9AC16D8830E001622B0 /* Zion America v2_login_button.png in Resources */,
				99CAA9B016D885CC001622B0 /* Zion America v2_login_user pass.png in Resources */,
				99CAA9B216D886C9001622B0 /* Zion America v2_login_user_pass.png in Resources */,
				99CAA9B416D88D4A001622B0 /* Zion America v2_login_pass.png in Resources */,
				99CAA9B616D89D02001622B0 /* menu_icon.png in Resources */,
				998DB38916D978570088C9D3 /* Zion America v2_login_no line.png in Resources */,
				99E8147916DC80BB00ED04C5 /* HistoryCell.xib in Resources */,
				99E8147B16DDAED100ED04C5 /* Zion America v2_settings button.png in Resources */,
				99E8147D16DDB0AF00ED04C5 /* Zion America v2_settings button-2.png in Resources */,
				99E8147F16DDB5F600ED04C5 /* Zion America v2_settings button-20x20.png in Resources */,
				99E8148116DDB62200ED04C5 /* Zion America v2_settings button-40x40.png in Resources */,
				99E8148716DDC2B400ED04C5 /* Zion America v2_login_button grey.png in Resources */,
				99E8148916DDC50B00ED04C5 /* ZionAmerica_Logout_button.png in Resources */,
				99E8148B16DDC61400ED04C5 /* Zion America_v2_login_button grey.png in Resources */,
				99E8149116DDCC7D00ED04C5 /* Zion America v2_login_bg only_no text_2.png in Resources */,
				99E8149316DDD77900ED04C5 /* icon@2x.png in Resources */,
				99E8149516DDD78000ED04C5 /* icon.png in Resources */,
				99E8149D16DF30A900ED04C5 /* Zion America v2_App Icon_57x57.png in Resources */,
				99E8149F16DF30C100ED04C5 /* Zion America v2_App Icon_114x114.png in Resources */,
				99E814A116DF30E400ED04C5 /* Zion America v2_App Icon_57x57.png in Resources */,
				99E814A316DF30F600ED04C5 /* Zion America v2_App Icon_114x114.png in Resources */,
				99E814A516DF312500ED04C5 /* Zion America v2_loading_iphone5.png in Resources */,
				99E814A716DF312D00ED04C5 /* Zion America v2_loading_iphone4.png in Resources */,
				99E814A916DF313500ED04C5 /* Zion America v2_loading_iphone3.png in Resources */,
				99E814AB16DF314000ED04C5 /* Default.png in Resources */,
				99E814AD16DF314D00ED04C5 /* Default@2x.png in Resources */,
				99E814AF16DF315700ED04C5 /* Default-568h@2x.png in Resources */,
				99C7370116DF3A3000173260 /* logout button-20x20.png in Resources */,
				997FE37416E0745400D20FCE /* Zion America v2_power button-20x20.png in Resources */,
				99F7C12516E8521C0065B0AA /* .gitignore in Resources */,
				99F7C13616E8521C0065B0AA /* LICENSE in Resources */,
				99F7C13716E8521C0065B0AA /* README.md in Resources */,
			);
			runOnlyForDeploymentPostprocessing = 0;
		};
		FC851237168A1AB200F94C60 /* Resources */ = {
			isa = PBXResourcesBuildPhase;
			buildActionMask = 2147483647;
			files = (
				FC851246168A1AB200F94C60 /* InfoPlist.strings in Resources */,
			);
			runOnlyForDeploymentPostprocessing = 0;
		};
/* End PBXResourcesBuildPhase section */

/* Begin PBXShellScriptBuildPhase section */
		FC851238168A1AB200F94C60 /* ShellScript */ = {
			isa = PBXShellScriptBuildPhase;
			buildActionMask = 2147483647;
			files = (
			);
			inputPaths = (
			);
			outputPaths = (
			);
			runOnlyForDeploymentPostprocessing = 0;
			shellPath = /bin/sh;
			shellScript = "# Run the unit tests in this test bundle.\n\"${SYSTEM_DEVELOPER_DIR}/Tools/RunUnitTests\"\n";
		};
/* End PBXShellScriptBuildPhase section */

/* Begin PBXSourcesBuildPhase section */
		FC851204168A1AB100F94C60 /* Sources */ = {
			isa = PBXSourcesBuildPhase;
			buildActionMask = 2147483647;
			files = (
				FC851219168A1AB200F94C60 /* main.m in Sources */,
				FC85121D168A1AB200F94C60 /* Zion_AmericaAppDelegate.m in Sources */,
				FC851268168A54B100F94C60 /* LoginViewController.m in Sources */,
				99050B3B168D441800276395 /* SendVideoViewController.m in Sources */,
				99050B3E168D59DB00276395 /* VariableStore.m in Sources */,
				9986BB52168EAD3F00A1C8F5 /* VideoDetailViewController.m in Sources */,
				9986BB5816913F0C00A1C8F5 /* SendEmailViewController.m in Sources */,
				9986BB5B1691412300A1C8F5 /* WordPressConnection.m in Sources */,
				99881F0116924DF0006433E8 /* InboxViewController.m in Sources */,
				997C98DA1694039600B2C809 /* InboxCell.m in Sources */,
				9988A0CE1696A06700D90D0D /* InboxDetailViewController.m in Sources */,
				9900D14316994913004DD65A /* ContactsViewController.m in Sources */,
				99E3E65F16CDADE900207D44 /* AddContactViewController.m in Sources */,
				99A7181516D1B4B700AA7518 /* Zion_America.xcdatamodeld in Sources */,
				99A7186F16D1C10B00AA7518 /* Contact.m in Sources */,
				998DB38C16D97CBB0088C9D3 /* HistoryViewController.m in Sources */,
				99E8146E16DBAFFA00ED04C5 /* History.m in Sources */,
				99E8147516DC7F4200ED04C5 /* HistoryCell.m in Sources */,
				99F7C13416E8521C0065B0AA /* HTAutocompleteTextField.m in Sources */,
				99F7C13F16E8550C0065B0AA /* HTAutocompleteManager.m in Sources */,
				99F7C14216E9A1BD0065B0AA /* Constants.m in Sources */,
			);
			runOnlyForDeploymentPostprocessing = 0;
		};
		FC851235168A1AB200F94C60 /* Sources */ = {
			isa = PBXSourcesBuildPhase;
			buildActionMask = 2147483647;
			files = (
				FC851249168A1AB200F94C60 /* Zion_AmericaTests.m in Sources */,
			);
			runOnlyForDeploymentPostprocessing = 0;
		};
/* End PBXSourcesBuildPhase section */

/* Begin PBXTargetDependency section */
		99881EED16921E5E006433E8 /* PBXTargetDependency */ = {
			isa = PBXTargetDependency;
			name = "MailCore iOS";
			targetProxy = 99881EEC16921E5E006433E8 /* PBXContainerItemProxy */;
		};
		9991E11A168BD4FE00A88911 /* PBXTargetDependency */ = {
			isa = PBXTargetDependency;
			name = "XMLRPC-iOS";
			targetProxy = 9991E119168BD4FE00A88911 /* PBXContainerItemProxy */;
		};
		FC851240168A1AB200F94C60 /* PBXTargetDependency */ = {
			isa = PBXTargetDependency;
			target = FC851207168A1AB100F94C60 /* Zion America */;
			targetProxy = FC85123F168A1AB200F94C60 /* PBXContainerItemProxy */;
		};
/* End PBXTargetDependency section */

/* Begin PBXVariantGroup section */
		FC851215168A1AB100F94C60 /* InfoPlist.strings */ = {
			isa = PBXVariantGroup;
			children = (
				FC851216168A1AB100F94C60 /* en */,
			);
			name = InfoPlist.strings;
			sourceTree = "<group>";
		};
		FC851224168A1AB200F94C60 /* MainStoryboard.storyboard */ = {
			isa = PBXVariantGroup;
			children = (
				99055D66168BC93E00F89CA3 /* Base */,
			);
			name = MainStoryboard.storyboard;
			sourceTree = "<group>";
		};
		FC851244168A1AB200F94C60 /* InfoPlist.strings */ = {
			isa = PBXVariantGroup;
			children = (
				FC851245168A1AB200F94C60 /* en */,
			);
			name = InfoPlist.strings;
			sourceTree = "<group>";
		};
/* End PBXVariantGroup section */

/* Begin XCBuildConfiguration section */
		FC85124A168A1AB200F94C60 /* Debug */ = {
			isa = XCBuildConfiguration;
			buildSettings = {
				ALWAYS_SEARCH_USER_PATHS = NO;
				CLANG_CXX_LANGUAGE_STANDARD = "gnu++0x";
				CLANG_CXX_LIBRARY = "libc++";
				CLANG_ENABLE_OBJC_ARC = YES;
				CLANG_WARN_EMPTY_BODY = YES;
				CLANG_WARN__DUPLICATE_METHOD_MATCH = YES;
				"CODE_SIGN_IDENTITY[sdk=iphoneos*]" = "iPhone Developer";
				COPY_PHASE_STRIP = NO;
				GCC_C_LANGUAGE_STANDARD = gnu99;
				GCC_DYNAMIC_NO_PIC = NO;
				GCC_OPTIMIZATION_LEVEL = 0;
				GCC_PREPROCESSOR_DEFINITIONS = (
					"DEBUG=1",
					"$(inherited)",
				);
				GCC_SYMBOLS_PRIVATE_EXTERN = NO;
				GCC_WARN_ABOUT_RETURN_TYPE = YES;
				GCC_WARN_UNINITIALIZED_AUTOS = YES;
				GCC_WARN_UNUSED_VARIABLE = YES;
				IPHONEOS_DEPLOYMENT_TARGET = 6.0;
				ONLY_ACTIVE_ARCH = YES;
				SDKROOT = iphoneos;
			};
			name = Debug;
		};
		FC85124B168A1AB200F94C60 /* Release */ = {
			isa = XCBuildConfiguration;
			buildSettings = {
				ALWAYS_SEARCH_USER_PATHS = NO;
				CLANG_CXX_LANGUAGE_STANDARD = "gnu++0x";
				CLANG_CXX_LIBRARY = "libc++";
				CLANG_ENABLE_OBJC_ARC = YES;
				CLANG_WARN_EMPTY_BODY = YES;
				CLANG_WARN__DUPLICATE_METHOD_MATCH = YES;
				"CODE_SIGN_IDENTITY[sdk=iphoneos*]" = "iPhone Developer";
				COPY_PHASE_STRIP = YES;
				GCC_C_LANGUAGE_STANDARD = gnu99;
				GCC_WARN_ABOUT_RETURN_TYPE = YES;
				GCC_WARN_UNINITIALIZED_AUTOS = YES;
				GCC_WARN_UNUSED_VARIABLE = YES;
				IPHONEOS_DEPLOYMENT_TARGET = 6.0;
				OTHER_CFLAGS = "-DNS_BLOCK_ASSERTIONS=1";
				SDKROOT = iphoneos;
				VALIDATE_PRODUCT = YES;
			};
			name = Release;
		};
		FC85124D168A1AB200F94C60 /* Debug */ = {
			isa = XCBuildConfiguration;
			buildSettings = {
				ALWAYS_SEARCH_USER_PATHS = YES;
				GCC_PRECOMPILE_PREFIX_HEADER = YES;
				GCC_PREFIX_HEADER = "Zion America/Zion America-Prefix.pch";
				HEADER_SEARCH_PATHS = (
					"\"$(BUILT_PRODUCTS_DIR)/../../include\"",
					"\"${SRCROOT}\"/**",
				);
				INFOPLIST_FILE = "Zion America/Zion America-Info.plist";
				LIBRARY_SEARCH_PATHS = (
					"$(inherited)",
					"\"$(SRCROOT)/../../Library/Developer/Xcode/DerivedData/Zion_America-gvnzuiefhlctsjbjqepbodddvdnp/Build/Products/Debug-iphoneos\"",
				);
				New_Setting = "";
				PRODUCT_NAME = "$(TARGET_NAME)";
				TARGETED_DEVICE_FAMILY = 1;
				USER_HEADER_SEARCH_PATHS = "";
				WRAPPER_EXTENSION = app;
			};
			name = Debug;
		};
		FC85124E168A1AB200F94C60 /* Release */ = {
			isa = XCBuildConfiguration;
			buildSettings = {
				ALWAYS_SEARCH_USER_PATHS = YES;
				GCC_PRECOMPILE_PREFIX_HEADER = YES;
				GCC_PREFIX_HEADER = "Zion America/Zion America-Prefix.pch";
				HEADER_SEARCH_PATHS = (
					"\"$(BUILT_PRODUCTS_DIR)/../../include\"",
					"\"${SRCROOT}\"/**",
				);
				INFOPLIST_FILE = "Zion America/Zion America-Info.plist";
				LIBRARY_SEARCH_PATHS = (
					"$(inherited)",
					"\"$(SRCROOT)/../../Library/Developer/Xcode/DerivedData/Zion_America-gvnzuiefhlctsjbjqepbodddvdnp/Build/Products/Debug-iphoneos\"",
				);
				New_Setting = "";
				PRODUCT_NAME = "$(TARGET_NAME)";
				TARGETED_DEVICE_FAMILY = 1;
				USER_HEADER_SEARCH_PATHS = "";
				WRAPPER_EXTENSION = app;
			};
			name = Release;
		};
		FC851250168A1AB200F94C60 /* Debug */ = {
			isa = XCBuildConfiguration;
			buildSettings = {
				BUNDLE_LOADER = "$(BUILT_PRODUCTS_DIR)/Zion America.app/Zion America";
				FRAMEWORK_SEARCH_PATHS = (
					"\"$(SDKROOT)/Developer/Library/Frameworks\"",
					"\"$(DEVELOPER_LIBRARY_DIR)/Frameworks\"",
				);
				GCC_PRECOMPILE_PREFIX_HEADER = YES;
				GCC_PREFIX_HEADER = "Zion America/Zion America-Prefix.pch";
				INFOPLIST_FILE = "Zion AmericaTests/Zion AmericaTests-Info.plist";
				PRODUCT_NAME = "$(TARGET_NAME)";
				TEST_HOST = "$(BUNDLE_LOADER)";
				WRAPPER_EXTENSION = octest;
			};
			name = Debug;
		};
		FC851251168A1AB200F94C60 /* Release */ = {
			isa = XCBuildConfiguration;
			buildSettings = {
				BUNDLE_LOADER = "$(BUILT_PRODUCTS_DIR)/Zion America.app/Zion America";
				FRAMEWORK_SEARCH_PATHS = (
					"\"$(SDKROOT)/Developer/Library/Frameworks\"",
					"\"$(DEVELOPER_LIBRARY_DIR)/Frameworks\"",
				);
				GCC_PRECOMPILE_PREFIX_HEADER = YES;
				GCC_PREFIX_HEADER = "Zion America/Zion America-Prefix.pch";
				INFOPLIST_FILE = "Zion AmericaTests/Zion AmericaTests-Info.plist";
				PRODUCT_NAME = "$(TARGET_NAME)";
				TEST_HOST = "$(BUNDLE_LOADER)";
				WRAPPER_EXTENSION = octest;
			};
			name = Release;
		};
/* End XCBuildConfiguration section */

/* Begin XCConfigurationList section */
		FC851202168A1AB100F94C60 /* Build configuration list for PBXProject "Zion America" */ = {
			isa = XCConfigurationList;
			buildConfigurations = (
				FC85124A168A1AB200F94C60 /* Debug */,
				FC85124B168A1AB200F94C60 /* Release */,
			);
			defaultConfigurationIsVisible = 0;
			defaultConfigurationName = Release;
		};
		FC85124C168A1AB200F94C60 /* Build configuration list for PBXNativeTarget "Zion America" */ = {
			isa = XCConfigurationList;
			buildConfigurations = (
				FC85124D168A1AB200F94C60 /* Debug */,
				FC85124E168A1AB200F94C60 /* Release */,
			);
			defaultConfigurationIsVisible = 0;
			defaultConfigurationName = Release;
		};
		FC85124F168A1AB200F94C60 /* Build configuration list for PBXNativeTarget "Zion AmericaTests" */ = {
			isa = XCConfigurationList;
			buildConfigurations = (
				FC851250168A1AB200F94C60 /* Debug */,
				FC851251168A1AB200F94C60 /* Release */,
			);
			defaultConfigurationIsVisible = 0;
			defaultConfigurationName = Release;
		};
/* End XCConfigurationList section */

/* Begin XCVersionGroup section */
		99A7181316D1B4B700AA7518 /* Zion_America.xcdatamodeld */ = {
			isa = XCVersionGroup;
			children = (
				99A7181416D1B4B700AA7518 /* Zion_America.xcdatamodel */,
			);
			currentVersion = 99A7181416D1B4B700AA7518 /* Zion_America.xcdatamodel */;
			path = Zion_America.xcdatamodeld;
			sourceTree = "<group>";
			versionGroupType = wrapper.xcdatamodel;
		};
/* End XCVersionGroup section */
	};
	rootObject = FC8511FF168A1AB100F94C60 /* Project object */;
}
