// !$*UTF8*$!
{
	archiveVersion = 1;
	classes = {
	};
	objectVersion = 46;
	objects = {

/* Begin PBXBuildFile section */
		990D546D168B8EC200E0BEC5 /* libsqlite3.0.dylib in Frameworks */ = {isa = PBXBuildFile; fileRef = 990D546C168B8EC200E0BEC5 /* libsqlite3.0.dylib */; };
		990D5470168B8FAB00E0BEC5 /* butterfly.png in Resources */ = {isa = PBXBuildFile; fileRef = 990D546F168B8FAB00E0BEC5 /* butterfly.png */; };
		9991E11B168BD50500A88911 /* libXMLRPC_iOS.a in Frameworks */ = {isa = PBXBuildFile; fileRef = 9991E118168BD4F000A88911 /* libXMLRPC_iOS.a */; };
		9991E11F168C07C400A88911 /* WordPressConnection.m in Sources */ = {isa = PBXBuildFile; fileRef = 9991E11E168C07C400A88911 /* WordPressConnection.m */; };
		9991E122168C0ADF00A88911 /* Constants.m in Sources */ = {isa = PBXBuildFile; fileRef = 9991E121168C0ADF00A88911 /* Constants.m */; };
		9991E126168C21C700A88911 /* butterfly with text.png in Resources */ = {isa = PBXBuildFile; fileRef = 9991E125168C21C700A88911 /* butterfly with text.png */; };
		FC85120D168A1AB100F94C60 /* UIKit.framework in Frameworks */ = {isa = PBXBuildFile; fileRef = FC85120C168A1AB100F94C60 /* UIKit.framework */; settings = {ATTRIBUTES = (Required, ); }; };
		FC85120F168A1AB100F94C60 /* Foundation.framework in Frameworks */ = {isa = PBXBuildFile; fileRef = FC85120E168A1AB100F94C60 /* Foundation.framework */; };
		FC851211168A1AB100F94C60 /* CoreGraphics.framework in Frameworks */ = {isa = PBXBuildFile; fileRef = FC851210168A1AB100F94C60 /* CoreGraphics.framework */; };
		FC851217168A1AB100F94C60 /* InfoPlist.strings in Resources */ = {isa = PBXBuildFile; fileRef = FC851215168A1AB100F94C60 /* InfoPlist.strings */; };
		FC851219168A1AB200F94C60 /* main.m in Sources */ = {isa = PBXBuildFile; fileRef = FC851218168A1AB200F94C60 /* main.m */; };
		FC85121D168A1AB200F94C60 /* Zion_AmericaAppDelegate.m in Sources */ = {isa = PBXBuildFile; fileRef = FC85121C168A1AB200F94C60 /* Zion_AmericaAppDelegate.m */; };
		FC85121F168A1AB200F94C60 /* Default.png in Resources */ = {isa = PBXBuildFile; fileRef = FC85121E168A1AB200F94C60 /* Default.png */; };
		FC851221168A1AB200F94C60 /* Default@2x.png in Resources */ = {isa = PBXBuildFile; fileRef = FC851220168A1AB200F94C60 /* Default@2x.png */; };
		FC851223168A1AB200F94C60 /* Default-568h@2x.png in Resources */ = {isa = PBXBuildFile; fileRef = FC851222168A1AB200F94C60 /* Default-568h@2x.png */; };
		FC851226168A1AB200F94C60 /* MainStoryboard.storyboard in Resources */ = {isa = PBXBuildFile; fileRef = FC851224168A1AB200F94C60 /* MainStoryboard.storyboard */; };
		FC85122B168A1AB200F94C60 /* first.png in Resources */ = {isa = PBXBuildFile; fileRef = FC85122A168A1AB200F94C60 /* first.png */; };
		FC85122D168A1AB200F94C60 /* first@2x.png in Resources */ = {isa = PBXBuildFile; fileRef = FC85122C168A1AB200F94C60 /* first@2x.png */; };
		FC851232168A1AB200F94C60 /* second.png in Resources */ = {isa = PBXBuildFile; fileRef = FC851231168A1AB200F94C60 /* second.png */; };
		FC851234168A1AB200F94C60 /* second@2x.png in Resources */ = {isa = PBXBuildFile; fileRef = FC851233168A1AB200F94C60 /* second@2x.png */; };
		FC85123C168A1AB200F94C60 /* SenTestingKit.framework in Frameworks */ = {isa = PBXBuildFile; fileRef = FC85123B168A1AB200F94C60 /* SenTestingKit.framework */; };
		FC85123D168A1AB200F94C60 /* UIKit.framework in Frameworks */ = {isa = PBXBuildFile; fileRef = FC85120C168A1AB100F94C60 /* UIKit.framework */; };
		FC85123E168A1AB200F94C60 /* Foundation.framework in Frameworks */ = {isa = PBXBuildFile; fileRef = FC85120E168A1AB100F94C60 /* Foundation.framework */; };
		FC851246168A1AB200F94C60 /* InfoPlist.strings in Resources */ = {isa = PBXBuildFile; fileRef = FC851244168A1AB200F94C60 /* InfoPlist.strings */; };
		FC851249168A1AB200F94C60 /* Zion_AmericaTests.m in Sources */ = {isa = PBXBuildFile; fileRef = FC851248168A1AB200F94C60 /* Zion_AmericaTests.m */; };
		FC851268168A54B100F94C60 /* LoginViewController.m in Sources */ = {isa = PBXBuildFile; fileRef = FC851267168A54B100F94C60 /* LoginViewController.m */; };
		FC85127A168ABEC800F94C60 /* right.png in Resources */ = {isa = PBXBuildFile; fileRef = FC851279168ABEC800F94C60 /* right.png */; };
		FC851281168AC78C00F94C60 /* HomeViewController.m in Sources */ = {isa = PBXBuildFile; fileRef = FC851280168AC78C00F94C60 /* HomeViewController.m */; };
		FC851283168AD11400F94C60 /* home.png in Resources */ = {isa = PBXBuildFile; fileRef = FC851282168AD11400F94C60 /* home.png */; };
		FC851285168AD1ED00F94C60 /* envelop.png in Resources */ = {isa = PBXBuildFile; fileRef = FC851284168AD1ED00F94C60 /* envelop.png */; };
		FC851287168AD1F600F94C60 /* arrow.png in Resources */ = {isa = PBXBuildFile; fileRef = FC851286168AD1F600F94C60 /* arrow.png */; };
		FC851289168AD55F00F94C60 /* television.png in Resources */ = {isa = PBXBuildFile; fileRef = FC851288168AD55F00F94C60 /* television.png */; };
/* End PBXBuildFile section */

/* Begin PBXContainerItemProxy section */
		9991E117168BD4F000A88911 /* PBXContainerItemProxy */ = {
			isa = PBXContainerItemProxy;
			containerPortal = 9991E0F2168BCF1400A88911 /* XMLRPC-iOS.xcodeproj */;
			proxyType = 2;
			remoteGlobalIDString = D2AAC07E0554694100DB518D;
			remoteInfo = "XMLRPC-iOS";
		};
		9991E119168BD4FE00A88911 /* PBXContainerItemProxy */ = {
			isa = PBXContainerItemProxy;
			containerPortal = 9991E0F2168BCF1400A88911 /* XMLRPC-iOS.xcodeproj */;
			proxyType = 1;
			remoteGlobalIDString = D2AAC07D0554694100DB518D;
			remoteInfo = "XMLRPC-iOS";
		};
		FC85123F168A1AB200F94C60 /* PBXContainerItemProxy */ = {
			isa = PBXContainerItemProxy;
			containerPortal = FC8511FF168A1AB100F94C60 /* Project object */;
			proxyType = 1;
			remoteGlobalIDString = FC851207168A1AB100F94C60;
			remoteInfo = "Zion America";
		};
/* End PBXContainerItemProxy section */

/* Begin PBXFileReference section */
		99055D66168BC93E00F89CA3 /* Base */ = {isa = PBXFileReference; lastKnownFileType = file.storyboard; name = Base; path = Base.lproj/MainStoryboard.storyboard; sourceTree = "<group>"; };
		990D546C168B8EC200E0BEC5 /* libsqlite3.0.dylib */ = {isa = PBXFileReference; lastKnownFileType = "compiled.mach-o.dylib"; name = libsqlite3.0.dylib; path = usr/lib/libsqlite3.0.dylib; sourceTree = SDKROOT; };
		990D546F168B8FAB00E0BEC5 /* butterfly.png */ = {isa = PBXFileReference; lastKnownFileType = image.png; path = butterfly.png; sourceTree = "<group>"; };
		9991E0F2168BCF1400A88911 /* XMLRPC-iOS.xcodeproj */ = {isa = PBXFileReference; lastKnownFileType = "wrapper.pb-project"; name = "XMLRPC-iOS.xcodeproj"; path = "kdbdallas-xmlrpc-ios-f28a13cc16ae/XMLRPC-iOS.xcodeproj"; sourceTree = "<group>"; };
		9991E11D168C07C400A88911 /* WordPressConnection.h */ = {isa = PBXFileReference; fileEncoding = 4; lastKnownFileType = sourcecode.c.h; name = WordPressConnection.h; path = ../WordPressConnection.h; sourceTree = "<group>"; };
		9991E11E168C07C400A88911 /* WordPressConnection.m */ = {isa = PBXFileReference; fileEncoding = 4; lastKnownFileType = sourcecode.c.objc; name = WordPressConnection.m; path = ../WordPressConnection.m; sourceTree = "<group>"; };
		9991E120168C0ADF00A88911 /* Constants.h */ = {isa = PBXFileReference; fileEncoding = 4; lastKnownFileType = sourcecode.c.h; path = Constants.h; sourceTree = "<group>"; };
		9991E121168C0ADF00A88911 /* Constants.m */ = {isa = PBXFileReference; fileEncoding = 4; lastKnownFileType = sourcecode.c.objc; path = Constants.m; sourceTree = "<group>"; };
		9991E125168C21C700A88911 /* butterfly with text.png */ = {isa = PBXFileReference; lastKnownFileType = image.png; path = "butterfly with text.png"; sourceTree = "<group>"; };
		FC851208168A1AB100F94C60 /* Zion America.app */ = {isa = PBXFileReference; explicitFileType = wrapper.application; includeInIndex = 0; path = "Zion America.app"; sourceTree = BUILT_PRODUCTS_DIR; };
		FC85120C168A1AB100F94C60 /* UIKit.framework */ = {isa = PBXFileReference; lastKnownFileType = wrapper.framework; name = UIKit.framework; path = System/Library/Frameworks/UIKit.framework; sourceTree = SDKROOT; };
		FC85120E168A1AB100F94C60 /* Foundation.framework */ = {isa = PBXFileReference; lastKnownFileType = wrapper.framework; name = Foundation.framework; path = System/Library/Frameworks/Foundation.framework; sourceTree = SDKROOT; };
		FC851210168A1AB100F94C60 /* CoreGraphics.framework */ = {isa = PBXFileReference; lastKnownFileType = wrapper.framework; name = CoreGraphics.framework; path = System/Library/Frameworks/CoreGraphics.framework; sourceTree = SDKROOT; };
		FC851214168A1AB100F94C60 /* Zion America-Info.plist */ = {isa = PBXFileReference; lastKnownFileType = text.plist.xml; path = "Zion America-Info.plist"; sourceTree = "<group>"; };
		FC851216168A1AB100F94C60 /* en */ = {isa = PBXFileReference; lastKnownFileType = text.plist.strings; name = en; path = en.lproj/InfoPlist.strings; sourceTree = "<group>"; };
		FC851218168A1AB200F94C60 /* main.m */ = {isa = PBXFileReference; lastKnownFileType = sourcecode.c.objc; path = main.m; sourceTree = "<group>"; };
		FC85121A168A1AB200F94C60 /* Zion America-Prefix.pch */ = {isa = PBXFileReference; lastKnownFileType = sourcecode.c.h; path = "Zion America-Prefix.pch"; sourceTree = "<group>"; };
		FC85121B168A1AB200F94C60 /* Zion_AmericaAppDelegate.h */ = {isa = PBXFileReference; lastKnownFileType = sourcecode.c.h; path = Zion_AmericaAppDelegate.h; sourceTree = "<group>"; };
		FC85121C168A1AB200F94C60 /* Zion_AmericaAppDelegate.m */ = {isa = PBXFileReference; lastKnownFileType = sourcecode.c.objc; path = Zion_AmericaAppDelegate.m; sourceTree = "<group>"; };
		FC85121E168A1AB200F94C60 /* Default.png */ = {isa = PBXFileReference; lastKnownFileType = image.png; path = Default.png; sourceTree = "<group>"; };
		FC851220168A1AB200F94C60 /* Default@2x.png */ = {isa = PBXFileReference; lastKnownFileType = image.png; path = "Default@2x.png"; sourceTree = "<group>"; };
		FC851222168A1AB200F94C60 /* Default-568h@2x.png */ = {isa = PBXFileReference; lastKnownFileType = image.png; path = "Default-568h@2x.png"; sourceTree = "<group>"; };
		FC85122A168A1AB200F94C60 /* first.png */ = {isa = PBXFileReference; lastKnownFileType = image.png; path = first.png; sourceTree = "<group>"; };
		FC85122C168A1AB200F94C60 /* first@2x.png */ = {isa = PBXFileReference; lastKnownFileType = image.png; path = "first@2x.png"; sourceTree = "<group>"; };
		FC851231168A1AB200F94C60 /* second.png */ = {isa = PBXFileReference; lastKnownFileType = image.png; path = second.png; sourceTree = "<group>"; };
		FC851233168A1AB200F94C60 /* second@2x.png */ = {isa = PBXFileReference; lastKnownFileType = image.png; path = "second@2x.png"; sourceTree = "<group>"; };
		FC85123A168A1AB200F94C60 /* Zion AmericaTests.octest */ = {isa = PBXFileReference; explicitFileType = wrapper.cfbundle; includeInIndex = 0; path = "Zion AmericaTests.octest"; sourceTree = BUILT_PRODUCTS_DIR; };
		FC85123B168A1AB200F94C60 /* SenTestingKit.framework */ = {isa = PBXFileReference; lastKnownFileType = wrapper.framework; name = SenTestingKit.framework; path = Library/Frameworks/SenTestingKit.framework; sourceTree = DEVELOPER_DIR; };
		FC851243168A1AB200F94C60 /* Zion AmericaTests-Info.plist */ = {isa = PBXFileReference; lastKnownFileType = text.plist.xml; path = "Zion AmericaTests-Info.plist"; sourceTree = "<group>"; };
		FC851245168A1AB200F94C60 /* en */ = {isa = PBXFileReference; lastKnownFileType = text.plist.strings; name = en; path = en.lproj/InfoPlist.strings; sourceTree = "<group>"; };
		FC851247168A1AB200F94C60 /* Zion_AmericaTests.h */ = {isa = PBXFileReference; lastKnownFileType = sourcecode.c.h; path = Zion_AmericaTests.h; sourceTree = "<group>"; };
		FC851248168A1AB200F94C60 /* Zion_AmericaTests.m */ = {isa = PBXFileReference; lastKnownFileType = sourcecode.c.objc; path = Zion_AmericaTests.m; sourceTree = "<group>"; };
		FC851266168A54B100F94C60 /* LoginViewController.h */ = {isa = PBXFileReference; fileEncoding = 4; lastKnownFileType = sourcecode.c.h; path = LoginViewController.h; sourceTree = "<group>"; };
		FC851267168A54B100F94C60 /* LoginViewController.m */ = {isa = PBXFileReference; fileEncoding = 4; lastKnownFileType = sourcecode.c.objc; path = LoginViewController.m; sourceTree = "<group>"; };
		FC851279168ABEC800F94C60 /* right.png */ = {isa = PBXFileReference; lastKnownFileType = image.png; path = right.png; sourceTree = "<group>"; };
		FC85127F168AC78C00F94C60 /* HomeViewController.h */ = {isa = PBXFileReference; fileEncoding = 4; lastKnownFileType = sourcecode.c.h; path = HomeViewController.h; sourceTree = "<group>"; };
		FC851280168AC78C00F94C60 /* HomeViewController.m */ = {isa = PBXFileReference; fileEncoding = 4; lastKnownFileType = sourcecode.c.objc; path = HomeViewController.m; sourceTree = "<group>"; };
		FC851282168AD11400F94C60 /* home.png */ = {isa = PBXFileReference; lastKnownFileType = image.png; path = home.png; sourceTree = "<group>"; };
		FC851284168AD1ED00F94C60 /* envelop.png */ = {isa = PBXFileReference; lastKnownFileType = image.png; path = envelop.png; sourceTree = "<group>"; };
		FC851286168AD1F600F94C60 /* arrow.png */ = {isa = PBXFileReference; lastKnownFileType = image.png; path = arrow.png; sourceTree = "<group>"; };
		FC851288168AD55F00F94C60 /* television.png */ = {isa = PBXFileReference; lastKnownFileType = image.png; path = television.png; sourceTree = "<group>"; };
/* End PBXFileReference section */

/* Begin PBXFrameworksBuildPhase section */
		FC851205168A1AB100F94C60 /* Frameworks */ = {
			isa = PBXFrameworksBuildPhase;
			buildActionMask = 2147483647;
			files = (
				9991E11B168BD50500A88911 /* libXMLRPC_iOS.a in Frameworks */,
				990D546D168B8EC200E0BEC5 /* libsqlite3.0.dylib in Frameworks */,
				FC85120D168A1AB100F94C60 /* UIKit.framework in Frameworks */,
				FC85120F168A1AB100F94C60 /* Foundation.framework in Frameworks */,
				FC851211168A1AB100F94C60 /* CoreGraphics.framework in Frameworks */,
			);
			runOnlyForDeploymentPostprocessing = 0;
		};
		FC851236168A1AB200F94C60 /* Frameworks */ = {
			isa = PBXFrameworksBuildPhase;
			buildActionMask = 2147483647;
			files = (
				FC85123C168A1AB200F94C60 /* SenTestingKit.framework in Frameworks */,
				FC85123D168A1AB200F94C60 /* UIKit.framework in Frameworks */,
				FC85123E168A1AB200F94C60 /* Foundation.framework in Frameworks */,
			);
			runOnlyForDeploymentPostprocessing = 0;
		};
/* End PBXFrameworksBuildPhase section */

/* Begin PBXGroup section */
		9991E114168BD4F000A88911 /* Products */ = {
			isa = PBXGroup;
			children = (
				9991E118168BD4F000A88911 /* libXMLRPC_iOS.a */,
			);
			name = Products;
			sourceTree = "<group>";
		};
		FC8511FD168A1AB100F94C60 = {
			isa = PBXGroup;
			children = (
				9991E0F2168BCF1400A88911 /* XMLRPC-iOS.xcodeproj */,
				FC851212168A1AB100F94C60 /* Zion America */,
				FC851241168A1AB200F94C60 /* Zion AmericaTests */,
				FC85120B168A1AB100F94C60 /* Frameworks */,
				FC851209168A1AB100F94C60 /* Products */,
			);
			sourceTree = "<group>";
		};
		FC851209168A1AB100F94C60 /* Products */ = {
			isa = PBXGroup;
			children = (
				FC851208168A1AB100F94C60 /* Zion America.app */,
				FC85123A168A1AB200F94C60 /* Zion AmericaTests.octest */,
			);
			name = Products;
			sourceTree = "<group>";
		};
		FC85120B168A1AB100F94C60 /* Frameworks */ = {
			isa = PBXGroup;
			children = (
				FC85120C168A1AB100F94C60 /* UIKit.framework */,
				FC85120E168A1AB100F94C60 /* Foundation.framework */,
				FC851210168A1AB100F94C60 /* CoreGraphics.framework */,
				FC85123B168A1AB200F94C60 /* SenTestingKit.framework */,
			);
			name = Frameworks;
			sourceTree = "<group>";
		};
		FC851212168A1AB100F94C60 /* Zion America */ = {
			isa = PBXGroup;
			children = (
				9991E11D168C07C400A88911 /* WordPressConnection.h */,
				9991E11E168C07C400A88911 /* WordPressConnection.m */,
				FC85121B168A1AB200F94C60 /* Zion_AmericaAppDelegate.h */,
				FC85121C168A1AB200F94C60 /* Zion_AmericaAppDelegate.m */,
				FC851224168A1AB200F94C60 /* MainStoryboard.storyboard */,
				FC851266168A54B100F94C60 /* LoginViewController.h */,
				FC851267168A54B100F94C60 /* LoginViewController.m */,
				FC85127F168AC78C00F94C60 /* HomeViewController.h */,
				FC851280168AC78C00F94C60 /* HomeViewController.m */,
				FC851276168AB5D800F94C60 /* Resources */,
				FC851213168A1AB100F94C60 /* Supporting Files */,
				9991E120168C0ADF00A88911 /* Constants.h */,
				9991E121168C0ADF00A88911 /* Constants.m */,
			);
			path = "Zion America";
			sourceTree = "<group>";
		};
		FC851213168A1AB100F94C60 /* Supporting Files */ = {
			isa = PBXGroup;
			children = (
				990D546C168B8EC200E0BEC5 /* libsqlite3.0.dylib */,
				FC851214168A1AB100F94C60 /* Zion America-Info.plist */,
				FC851215168A1AB100F94C60 /* InfoPlist.strings */,
				FC851218168A1AB200F94C60 /* main.m */,
				FC85121A168A1AB200F94C60 /* Zion America-Prefix.pch */,
				FC85121E168A1AB200F94C60 /* Default.png */,
				FC851220168A1AB200F94C60 /* Default@2x.png */,
				FC851222168A1AB200F94C60 /* Default-568h@2x.png */,
			);
			name = "Supporting Files";
			sourceTree = "<group>";
		};
		FC851241168A1AB200F94C60 /* Zion AmericaTests */ = {
			isa = PBXGroup;
			children = (
				FC851247168A1AB200F94C60 /* Zion_AmericaTests.h */,
				FC851248168A1AB200F94C60 /* Zion_AmericaTests.m */,
				FC851242168A1AB200F94C60 /* Supporting Files */,
			);
			path = "Zion AmericaTests";
			sourceTree = "<group>";
		};
		FC851242168A1AB200F94C60 /* Supporting Files */ = {
			isa = PBXGroup;
			children = (
				FC851243168A1AB200F94C60 /* Zion AmericaTests-Info.plist */,
				FC851244168A1AB200F94C60 /* InfoPlist.strings */,
			);
			name = "Supporting Files";
			sourceTree = "<group>";
		};
		FC851276168AB5D800F94C60 /* Resources */ = {
			isa = PBXGroup;
			children = (
				9991E125168C21C700A88911 /* butterfly with text.png */,
				990D546F168B8FAB00E0BEC5 /* butterfly.png */,
				FC851288168AD55F00F94C60 /* television.png */,
				FC851286168AD1F600F94C60 /* arrow.png */,
				FC851284168AD1ED00F94C60 /* envelop.png */,
				FC851282168AD11400F94C60 /* home.png */,
				FC851233168A1AB200F94C60 /* second@2x.png */,
				FC851231168A1AB200F94C60 /* second.png */,
				FC85122C168A1AB200F94C60 /* first@2x.png */,
				FC85122A168A1AB200F94C60 /* first.png */,
				FC851279168ABEC800F94C60 /* right.png */,
			);
			name = Resources;
			sourceTree = "<group>";
		};
/* End PBXGroup section */

/* Begin PBXNativeTarget section */
		FC851207168A1AB100F94C60 /* Zion America */ = {
			isa = PBXNativeTarget;
			buildConfigurationList = FC85124C168A1AB200F94C60 /* Build configuration list for PBXNativeTarget "Zion America" */;
			buildPhases = (
				FC851204168A1AB100F94C60 /* Sources */,
				FC851205168A1AB100F94C60 /* Frameworks */,
				FC851206168A1AB100F94C60 /* Resources */,
			);
			buildRules = (
			);
			dependencies = (
				9991E11A168BD4FE00A88911 /* PBXTargetDependency */,
			);
			name = "Zion America";
			productName = "Zion America";
			productReference = FC851208168A1AB100F94C60 /* Zion America.app */;
			productType = "com.apple.product-type.application";
		};
		FC851239168A1AB200F94C60 /* Zion AmericaTests */ = {
			isa = PBXNativeTarget;
			buildConfigurationList = FC85124F168A1AB200F94C60 /* Build configuration list for PBXNativeTarget "Zion AmericaTests" */;
			buildPhases = (
				FC851235168A1AB200F94C60 /* Sources */,
				FC851236168A1AB200F94C60 /* Frameworks */,
				FC851237168A1AB200F94C60 /* Resources */,
				FC851238168A1AB200F94C60 /* ShellScript */,
			);
			buildRules = (
			);
			dependencies = (
				FC851240168A1AB200F94C60 /* PBXTargetDependency */,
			);
			name = "Zion AmericaTests";
			productName = "Zion AmericaTests";
			productReference = FC85123A168A1AB200F94C60 /* Zion AmericaTests.octest */;
			productType = "com.apple.product-type.bundle";
		};
/* End PBXNativeTarget section */

/* Begin PBXProject section */
		FC8511FF168A1AB100F94C60 /* Project object */ = {
			isa = PBXProject;
			attributes = {
				CLASSPREFIX = "Zion America";
				LastUpgradeCheck = 0450;
				ORGANIZATIONNAME = "Patrick Asare";
			};
			buildConfigurationList = FC851202168A1AB100F94C60 /* Build configuration list for PBXProject "Zion America" */;
			compatibilityVersion = "Xcode 3.2";
			developmentRegion = English;
			hasScannedForEncodings = 0;
			knownRegions = (
				en,
				English,
				Base,
			);
			mainGroup = FC8511FD168A1AB100F94C60;
			productRefGroup = FC851209168A1AB100F94C60 /* Products */;
			projectDirPath = "";
			projectReferences = (
				{
					ProductGroup = 9991E114168BD4F000A88911 /* Products */;
					ProjectRef = 9991E0F2168BCF1400A88911 /* XMLRPC-iOS.xcodeproj */;
				},
			);
			projectRoot = "";
			targets = (
				FC851207168A1AB100F94C60 /* Zion America */,
				FC851239168A1AB200F94C60 /* Zion AmericaTests */,
			);
		};
/* End PBXProject section */

/* Begin PBXReferenceProxy section */
		9991E118168BD4F000A88911 /* libXMLRPC_iOS.a */ = {
			isa = PBXReferenceProxy;
			fileType = archive.ar;
			path = libXMLRPC_iOS.a;
			remoteRef = 9991E117168BD4F000A88911 /* PBXContainerItemProxy */;
			sourceTree = BUILT_PRODUCTS_DIR;
		};
/* End PBXReferenceProxy section */

/* Begin PBXResourcesBuildPhase section */
		FC851206168A1AB100F94C60 /* Resources */ = {
			isa = PBXResourcesBuildPhase;
			buildActionMask = 2147483647;
			files = (
				FC851217168A1AB100F94C60 /* InfoPlist.strings in Resources */,
				FC85121F168A1AB200F94C60 /* Default.png in Resources */,
				FC851221168A1AB200F94C60 /* Default@2x.png in Resources */,
				FC851223168A1AB200F94C60 /* Default-568h@2x.png in Resources */,
				FC851226168A1AB200F94C60 /* MainStoryboard.storyboard in Resources */,
				FC85122B168A1AB200F94C60 /* first.png in Resources */,
				FC85122D168A1AB200F94C60 /* first@2x.png in Resources */,
				FC851232168A1AB200F94C60 /* second.png in Resources */,
				FC851234168A1AB200F94C60 /* second@2x.png in Resources */,
				FC85127A168ABEC800F94C60 /* right.png in Resources */,
				FC851283168AD11400F94C60 /* home.png in Resources */,
				FC851285168AD1ED00F94C60 /* envelop.png in Resources */,
				FC851287168AD1F600F94C60 /* arrow.png in Resources */,
				FC851289168AD55F00F94C60 /* television.png in Resources */,
				990D5470168B8FAB00E0BEC5 /* butterfly.png in Resources */,
				9991E126168C21C700A88911 /* butterfly with text.png in Resources */,
			);
			runOnlyForDeploymentPostprocessing = 0;
		};
		FC851237168A1AB200F94C60 /* Resources */ = {
			isa = PBXResourcesBuildPhase;
			buildActionMask = 2147483647;
			files = (
				FC851246168A1AB200F94C60 /* InfoPlist.strings in Resources */,
			);
			runOnlyForDeploymentPostprocessing = 0;
		};
/* End PBXResourcesBuildPhase section */

/* Begin PBXShellScriptBuildPhase section */
		FC851238168A1AB200F94C60 /* ShellScript */ = {
			isa = PBXShellScriptBuildPhase;
			buildActionMask = 2147483647;
			files = (
			);
			inputPaths = (
			);
			outputPaths = (
			);
			runOnlyForDeploymentPostprocessing = 0;
			shellPath = /bin/sh;
			shellScript = "# Run the unit tests in this test bundle.\n\"${SYSTEM_DEVELOPER_DIR}/Tools/RunUnitTests\"\n";
		};
/* End PBXShellScriptBuildPhase section */

/* Begin PBXSourcesBuildPhase section */
		FC851204168A1AB100F94C60 /* Sources */ = {
			isa = PBXSourcesBuildPhase;
			buildActionMask = 2147483647;
			files = (
				FC851219168A1AB200F94C60 /* main.m in Sources */,
				FC85121D168A1AB200F94C60 /* Zion_AmericaAppDelegate.m in Sources */,
				FC851268168A54B100F94C60 /* LoginViewController.m in Sources */,
				FC851281168AC78C00F94C60 /* HomeViewController.m in Sources */,
				9991E11F168C07C400A88911 /* WordPressConnection.m in Sources */,
				9991E122168C0ADF00A88911 /* Constants.m in Sources */,
			);
			runOnlyForDeploymentPostprocessing = 0;
		};
		FC851235168A1AB200F94C60 /* Sources */ = {
			isa = PBXSourcesBuildPhase;
			buildActionMask = 2147483647;
			files = (
				FC851249168A1AB200F94C60 /* Zion_AmericaTests.m in Sources */,
			);
			runOnlyForDeploymentPostprocessing = 0;
		};
/* End PBXSourcesBuildPhase section */

/* Begin PBXTargetDependency section */
		9991E11A168BD4FE00A88911 /* PBXTargetDependency */ = {
			isa = PBXTargetDependency;
			name = "XMLRPC-iOS";
			targetProxy = 9991E119168BD4FE00A88911 /* PBXContainerItemProxy */;
		};
		FC851240168A1AB200F94C60 /* PBXTargetDependency */ = {
			isa = PBXTargetDependency;
			target = FC851207168A1AB100F94C60 /* Zion America */;
			targetProxy = FC85123F168A1AB200F94C60 /* PBXContainerItemProxy */;
		};
/* End PBXTargetDependency section */

/* Begin PBXVariantGroup section */
		FC851215168A1AB100F94C60 /* InfoPlist.strings */ = {
			isa = PBXVariantGroup;
			children = (
				FC851216168A1AB100F94C60 /* en */,
			);
			name = InfoPlist.strings;
			sourceTree = "<group>";
		};
		FC851224168A1AB200F94C60 /* MainStoryboard.storyboard */ = {
			isa = PBXVariantGroup;
			children = (
				99055D66168BC93E00F89CA3 /* Base */,
			);
			name = MainStoryboard.storyboard;
			sourceTree = "<group>";
		};
		FC851244168A1AB200F94C60 /* InfoPlist.strings */ = {
			isa = PBXVariantGroup;
			children = (
				FC851245168A1AB200F94C60 /* en */,
			);
			name = InfoPlist.strings;
			sourceTree = "<group>";
		};
/* End PBXVariantGroup section */

/* Begin XCBuildConfiguration section */
		FC85124A168A1AB200F94C60 /* Debug */ = {
			isa = XCBuildConfiguration;
			buildSettings = {
				ALWAYS_SEARCH_USER_PATHS = NO;
				CLANG_CXX_LANGUAGE_STANDARD = "gnu++0x";
				CLANG_CXX_LIBRARY = "libc++";
				CLANG_ENABLE_OBJC_ARC = YES;
				CLANG_WARN_EMPTY_BODY = YES;
				CLANG_WARN__DUPLICATE_METHOD_MATCH = YES;
				"CODE_SIGN_IDENTITY[sdk=iphoneos*]" = "iPhone Developer";
				COPY_PHASE_STRIP = NO;
				GCC_C_LANGUAGE_STANDARD = gnu99;
				GCC_DYNAMIC_NO_PIC = NO;
				GCC_OPTIMIZATION_LEVEL = 0;
				GCC_PREPROCESSOR_DEFINITIONS = (
					"DEBUG=1",
					"$(inherited)",
				);
				GCC_SYMBOLS_PRIVATE_EXTERN = NO;
				GCC_WARN_ABOUT_RETURN_TYPE = YES;
				GCC_WARN_UNINITIALIZED_AUTOS = YES;
				GCC_WARN_UNUSED_VARIABLE = YES;
				IPHONEOS_DEPLOYMENT_TARGET = 6.0;
				ONLY_ACTIVE_ARCH = YES;
				SDKROOT = iphoneos;
			};
			name = Debug;
		};
		FC85124B168A1AB200F94C60 /* Release */ = {
			isa = XCBuildConfiguration;
			buildSettings = {
				ALWAYS_SEARCH_USER_PATHS = NO;
				CLANG_CXX_LANGUAGE_STANDARD = "gnu++0x";
				CLANG_CXX_LIBRARY = "libc++";
				CLANG_ENABLE_OBJC_ARC = YES;
				CLANG_WARN_EMPTY_BODY = YES;
				CLANG_WARN__DUPLICATE_METHOD_MATCH = YES;
				"CODE_SIGN_IDENTITY[sdk=iphoneos*]" = "iPhone Developer";
				COPY_PHASE_STRIP = YES;
				GCC_C_LANGUAGE_STANDARD = gnu99;
				GCC_WARN_ABOUT_RETURN_TYPE = YES;
				GCC_WARN_UNINITIALIZED_AUTOS = YES;
				GCC_WARN_UNUSED_VARIABLE = YES;
				IPHONEOS_DEPLOYMENT_TARGET = 6.0;
				OTHER_CFLAGS = "-DNS_BLOCK_ASSERTIONS=1";
				SDKROOT = iphoneos;
				VALIDATE_PRODUCT = YES;
			};
			name = Release;
		};
		FC85124D168A1AB200F94C60 /* Debug */ = {
			isa = XCBuildConfiguration;
			buildSettings = {
				ALWAYS_SEARCH_USER_PATHS = YES;
				GCC_PRECOMPILE_PREFIX_HEADER = YES;
				GCC_PREFIX_HEADER = "Zion America/Zion America-Prefix.pch";
				HEADER_SEARCH_PATHS = "\"${SRCROOT}\"/**";
				INFOPLIST_FILE = "Zion America/Zion America-Info.plist";
				LIBRARY_SEARCH_PATHS = (
					"$(inherited)",
					"\"$(SRCROOT)/../../Library/Developer/Xcode/DerivedData/Zion_America-gvnzuiefhlctsjbjqepbodddvdnp/Build/Products/Debug-iphoneos\"",
				);
				New_Setting = "";
				PRODUCT_NAME = "$(TARGET_NAME)";
				TARGETED_DEVICE_FAMILY = 1;
				WRAPPER_EXTENSION = app;
			};
			name = Debug;
		};
		FC85124E168A1AB200F94C60 /* Release */ = {
			isa = XCBuildConfiguration;
			buildSettings = {
				ALWAYS_SEARCH_USER_PATHS = YES;
				GCC_PRECOMPILE_PREFIX_HEADER = YES;
				GCC_PREFIX_HEADER = "Zion America/Zion America-Prefix.pch";
				HEADER_SEARCH_PATHS = "\"${SRCROOT}\"/**";
				INFOPLIST_FILE = "Zion America/Zion America-Info.plist";
				LIBRARY_SEARCH_PATHS = (
					"$(inherited)",
					"\"$(SRCROOT)/../../Library/Developer/Xcode/DerivedData/Zion_America-gvnzuiefhlctsjbjqepbodddvdnp/Build/Products/Debug-iphoneos\"",
				);
				New_Setting = "";
				PRODUCT_NAME = "$(TARGET_NAME)";
				TARGETED_DEVICE_FAMILY = 1;
				WRAPPER_EXTENSION = app;
			};
			name = Release;
		};
		FC851250168A1AB200F94C60 /* Debug */ = {
			isa = XCBuildConfiguration;
			buildSettings = {
				BUNDLE_LOADER = "$(BUILT_PRODUCTS_DIR)/Zion America.app/Zion America";
				FRAMEWORK_SEARCH_PATHS = (
					"\"$(SDKROOT)/Developer/Library/Frameworks\"",
					"\"$(DEVELOPER_LIBRARY_DIR)/Frameworks\"",
				);
				GCC_PRECOMPILE_PREFIX_HEADER = YES;
				GCC_PREFIX_HEADER = "Zion America/Zion America-Prefix.pch";
				INFOPLIST_FILE = "Zion AmericaTests/Zion AmericaTests-Info.plist";
				PRODUCT_NAME = "$(TARGET_NAME)";
				TEST_HOST = "$(BUNDLE_LOADER)";
				WRAPPER_EXTENSION = octest;
			};
			name = Debug;
		};
		FC851251168A1AB200F94C60 /* Release */ = {
			isa = XCBuildConfiguration;
			buildSettings = {
				BUNDLE_LOADER = "$(BUILT_PRODUCTS_DIR)/Zion America.app/Zion America";
				FRAMEWORK_SEARCH_PATHS = (
					"\"$(SDKROOT)/Developer/Library/Frameworks\"",
					"\"$(DEVELOPER_LIBRARY_DIR)/Frameworks\"",
				);
				GCC_PRECOMPILE_PREFIX_HEADER = YES;
				GCC_PREFIX_HEADER = "Zion America/Zion America-Prefix.pch";
				INFOPLIST_FILE = "Zion AmericaTests/Zion AmericaTests-Info.plist";
				PRODUCT_NAME = "$(TARGET_NAME)";
				TEST_HOST = "$(BUNDLE_LOADER)";
				WRAPPER_EXTENSION = octest;
			};
			name = Release;
		};
/* End XCBuildConfiguration section */

/* Begin XCConfigurationList section */
		FC851202168A1AB100F94C60 /* Build configuration list for PBXProject "Zion America" */ = {
			isa = XCConfigurationList;
			buildConfigurations = (
				FC85124A168A1AB200F94C60 /* Debug */,
				FC85124B168A1AB200F94C60 /* Release */,
			);
			defaultConfigurationIsVisible = 0;
			defaultConfigurationName = Release;
		};
		FC85124C168A1AB200F94C60 /* Build configuration list for PBXNativeTarget "Zion America" */ = {
			isa = XCConfigurationList;
			buildConfigurations = (
				FC85124D168A1AB200F94C60 /* Debug */,
				FC85124E168A1AB200F94C60 /* Release */,
			);
			defaultConfigurationIsVisible = 0;
			defaultConfigurationName = Release;
		};
		FC85124F168A1AB200F94C60 /* Build configuration list for PBXNativeTarget "Zion AmericaTests" */ = {
			isa = XCConfigurationList;
			buildConfigurations = (
				FC851250168A1AB200F94C60 /* Debug */,
				FC851251168A1AB200F94C60 /* Release */,
			);
			defaultConfigurationIsVisible = 0;
			defaultConfigurationName = Release;
		};
/* End XCConfigurationList section */
	};
	rootObject = FC8511FF168A1AB100F94C60 /* Project object */;
}
